// !$*UTF8*$!
{
	archiveVersion = 1;
	classes = {
	};
	objectVersion = 56;
	objects = {

/* Begin PBXBuildFile section */
		3801CA4E2BA522B6007D7868 /* Actions.swift in Sources */ = {isa = PBXBuildFile; fileRef = 3801CA4D2BA522B6007D7868 /* Actions.swift */; };
		38049D632B9DF8EA00E02ECA /* FloatingPanel.swift in Sources */ = {isa = PBXBuildFile; fileRef = 38049D622B9DF8EA00E02ECA /* FloatingPanel.swift */; };
		3817BA822D8B0B9600A1C50F /* SearchView.swift in Sources */ = {isa = PBXBuildFile; fileRef = 3817BA812D8B0B8800A1C50F /* SearchView.swift */; };
		381843F12BB01A9B0061BB27 /* Localizable.xcstrings in Resources */ = {isa = PBXBuildFile; fileRef = 381843F02BB01A9B0061BB27 /* Localizable.xcstrings */; };
		38230C9F2B9F332D002A52E9 /* PluginInfo.swift in Sources */ = {isa = PBXBuildFile; fileRef = 38230C9E2B9F332D002A52E9 /* PluginInfo.swift */; };
		38230CA12B9F44FC002A52E9 /* BarButton.swift in Sources */ = {isa = PBXBuildFile; fileRef = 38230CA02B9F44FC002A52E9 /* BarButton.swift */; };
		38230CA32BA1DBA8002A52E9 /* Utils.swift in Sources */ = {isa = PBXBuildFile; fileRef = 38230CA22BA1DBA8002A52E9 /* Utils.swift */; };
		38230CA42BA33596002A52E9 /* SelectedTests.swift in Sources */ = {isa = PBXBuildFile; fileRef = 386AD7292B8F6BFC008C346D /* SelectedTests.swift */; };
		382C919D2ED4758800F5A45A /* AIStreamEvent.swift in Sources */ = {isa = PBXBuildFile; fileRef = 382C919C2ED4758800F5A45A /* AIStreamEvent.swift */; };
		382C919F2ED475F900F5A45A /* OpenAIProvider.swift in Sources */ = {isa = PBXBuildFile; fileRef = 382C919E2ED475F900F5A45A /* OpenAIProvider.swift */; };
		382C91A12ED4760800F5A45A /* ClaudeProvider.swift in Sources */ = {isa = PBXBuildFile; fileRef = 382C91A02ED4760800F5A45A /* ClaudeProvider.swift */; };
		3831FD332BA532D400A4262B /* Yams in Frameworks */ = {isa = PBXBuildFile; productRef = 3831FD322BA532D400A4262B /* Yams */; };
		3831FD362BA6DE3D00A4262B /* UserConfigs.swift in Sources */ = {isa = PBXBuildFile; fileRef = 3831FD352BA6DE3D00A4262B /* UserConfigs.swift */; };
		384A03732BC4173B00916303 /* ClipHistory.xcdatamodeld in Sources */ = {isa = PBXBuildFile; fileRef = 384A03712BC4173B00916303 /* ClipHistory.xcdatamodeld */; };
		384EEF312C6CDAA300EF6412 /* ChatWindow.swift in Sources */ = {isa = PBXBuildFile; fileRef = 384EEF302C6CDAA300EF6412 /* ChatWindow.swift */; };
		385EA9E52C5FBDD8009B8F0E /* SpotlightView.swift in Sources */ = {isa = PBXBuildFile; fileRef = 385EA9E42C5FBDD8009B8F0E /* SpotlightView.swift */; };
		385EA9E72C5FC0D8009B8F0E /* Spotlight.swift in Sources */ = {isa = PBXBuildFile; fileRef = 385EA9E62C5FC0D8009B8F0E /* Spotlight.swift */; };
		385EA9EA2C5FC624009B8F0E /* HotKey in Frameworks */ = {isa = PBXBuildFile; productRef = 385EA9E92C5FC624009B8F0E /* HotKey */; };
		385EA9ED2C6256BA009B8F0E /* Sparkle in Frameworks */ = {isa = PBXBuildFile; productRef = 385EA9EC2C6256BA009B8F0E /* Sparkle */; };
		385EA9EF2C6256E2009B8F0E /* Updater.swift in Sources */ = {isa = PBXBuildFile; fileRef = 385EA9EE2C6256E2009B8F0E /* Updater.swift */; };
		386010582C2FA00400EB9AE7 /* MessageView.swift in Sources */ = {isa = PBXBuildFile; fileRef = 386010572C2FA00400EB9AE7 /* MessageView.swift */; };
		3860105A2C2FA07600EB9AE7 /* MessageViewModel.swift in Sources */ = {isa = PBXBuildFile; fileRef = 386010592C2FA07600EB9AE7 /* MessageViewModel.swift */; };
		3860105C2C2FA0A700EB9AE7 /* PopResultView.swift in Sources */ = {isa = PBXBuildFile; fileRef = 3860105B2C2FA0A700EB9AE7 /* PopResultView.swift */; };
		3860105E2C2FA0C900EB9AE7 /* ChatTextView.swift in Sources */ = {isa = PBXBuildFile; fileRef = 3860105D2C2FA0C900EB9AE7 /* ChatTextView.swift */; };
		386010602C2FA10200EB9AE7 /* TranslationView.swift in Sources */ = {isa = PBXBuildFile; fileRef = 3860105F2C2FA10200EB9AE7 /* TranslationView.swift */; };
		386010632C35926100EB9AE7 /* LocationManager.swift in Sources */ = {isa = PBXBuildFile; fileRef = 386010622C35926100EB9AE7 /* LocationManager.swift */; };
		386010662C3AE22C00EB9AE7 /* Stencil in Frameworks */ = {isa = PBXBuildFile; productRef = 386010652C3AE22C00EB9AE7 /* Stencil */; };
		386010682C3AE24000EB9AE7 /* Template.swift in Sources */ = {isa = PBXBuildFile; fileRef = 386010672C3AE24000EB9AE7 /* Template.swift */; };
		3860106B2C4222BB00EB9AE7 /* SwiftAnthropic in Frameworks */ = {isa = PBXBuildFile; productRef = 3860106A2C4222BB00EB9AE7 /* SwiftAnthropic */; };
		386AD7182B8F6BFA008C346D /* App.swift in Sources */ = {isa = PBXBuildFile; fileRef = 386AD7172B8F6BFA008C346D /* App.swift */; };
		386AD71C2B8F6BFB008C346D /* Assets.xcassets in Resources */ = {isa = PBXBuildFile; fileRef = 386AD71B2B8F6BFB008C346D /* Assets.xcassets */; };
		386AD71F2B8F6BFB008C346D /* Preview Assets.xcassets in Resources */ = {isa = PBXBuildFile; fileRef = 386AD71E2B8F6BFB008C346D /* Preview Assets.xcassets */; };
		386AD7342B8F6BFC008C346D /* SelectedUITests.swift in Sources */ = {isa = PBXBuildFile; fileRef = 386AD7332B8F6BFC008C346D /* SelectedUITests.swift */; };
		386AD7362B8F6BFC008C346D /* SelectedUITestsLaunchTests.swift in Sources */ = {isa = PBXBuildFile; fileRef = 386AD7352B8F6BFC008C346D /* SelectedUITestsLaunchTests.swift */; };
		386AD7442B8F6E77008C346D /* Defaults in Frameworks */ = {isa = PBXBuildFile; productRef = 386AD7432B8F6E77008C346D /* Defaults */; };
		386AD7472B8F6FCE008C346D /* Defaults.swift in Sources */ = {isa = PBXBuildFile; fileRef = 386AD7462B8F6FCE008C346D /* Defaults.swift */; };
		386AD74E2B8F7A16008C346D /* MenuItemView.swift in Sources */ = {isa = PBXBuildFile; fileRef = 386AD74D2B8F7A16008C346D /* MenuItemView.swift */; };
		386AD7512B8F7AA5008C346D /* SettingsAccess in Frameworks */ = {isa = PBXBuildFile; productRef = 386AD7502B8F7AA5008C346D /* SettingsAccess */; };
		386AD7552B90CF97008C346D /* CommandView.swift in Sources */ = {isa = PBXBuildFile; fileRef = 386AD7542B90CF97008C346D /* CommandView.swift */; };
		386AD7572B90D867008C346D /* GetText.swift in Sources */ = {isa = PBXBuildFile; fileRef = 386AD7562B90D867008C346D /* GetText.swift */; };
		3888D8032BA8615900A7B75D /* IconImage.swift in Sources */ = {isa = PBXBuildFile; fileRef = 3888D8022BA8615900A7B75D /* IconImage.swift */; };
		3888D8052BA86A0F00A7B75D /* PluginListView.swift in Sources */ = {isa = PBXBuildFile; fileRef = 3888D8042BA86A0F00A7B75D /* PluginListView.swift */; };
		3888D8072BA86AF600A7B75D /* WindowManager.swift in Sources */ = {isa = PBXBuildFile; fileRef = 3888D8062BA86AF600A7B75D /* WindowManager.swift */; };
		388DABA82BC42798000B2739 /* Persistence.swift in Sources */ = {isa = PBXBuildFile; fileRef = 388DABA72BC42798000B2739 /* Persistence.swift */; };
		388DABAA2BC6C683000B2739 /* OCR.swift in Sources */ = {isa = PBXBuildFile; fileRef = 388DABA92BC6C683000B2739 /* OCR.swift */; };
		388DABAD2BCC0A1A000B2739 /* Highlightr in Frameworks */ = {isa = PBXBuildFile; productRef = 388DABAC2BCC0A1A000B2739 /* Highlightr */; };
		388DABAF2BD147F6000B2739 /* TextView.swift in Sources */ = {isa = PBXBuildFile; fileRef = 388DABAE2BD147F6000B2739 /* TextView.swift */; };
		388DABB22BD549EE000B2739 /* ShortcutRecorder in Frameworks */ = {isa = PBXBuildFile; productRef = 388DABB12BD549EE000B2739 /* ShortcutRecorder */; };
		388DABB42BD54A03000B2739 /* ShortcutRecorderView.swift in Sources */ = {isa = PBXBuildFile; fileRef = 388DABB32BD54A03000B2739 /* ShortcutRecorderView.swift */; };
		388DABB92BD6A5CF000B2739 /* UbuntuMonoNerdFontMono-Regular.ttf in CopyFiles */ = {isa = PBXBuildFile; fileRef = 388DABB62BD6980D000B2739 /* UbuntuMonoNerdFontMono-Regular.ttf */; };
		388DABBB2BEA5B3C000B2739 /* StarDict.swift in Sources */ = {isa = PBXBuildFile; fileRef = 388DABBA2BEA5B3C000B2739 /* StarDict.swift */; };
		388DABC02BEA5E73000B2739 /* GRDB in Frameworks */ = {isa = PBXBuildFile; productRef = 388DABBF2BEA5E73000B2739 /* GRDB */; };
		388DABC22BEF9D2D000B2739 /* stardict.tar.gz in Resources */ = {isa = PBXBuildFile; fileRef = 388DABC12BEF9D2D000B2739 /* stardict.tar.gz */; };
		38AD8D6F2C0C023600EAFA5D /* GPTAction.swift in Sources */ = {isa = PBXBuildFile; fileRef = 38AD8D6E2C0C023600EAFA5D /* GPTAction.swift */; };
		38AD8D872C1725C600EAFA5D /* AudioPlayerView.swift in Sources */ = {isa = PBXBuildFile; fileRef = 38AD8D862C1725C600EAFA5D /* AudioPlayerView.swift */; };
		38AD8D8A2C19D2DB00EAFA5D /* DSWaveformImage in Frameworks */ = {isa = PBXBuildFile; productRef = 38AD8D892C19D2DB00EAFA5D /* DSWaveformImage */; };
		38AD8D8C2C19D2DB00EAFA5D /* DSWaveformImageViews in Frameworks */ = {isa = PBXBuildFile; productRef = 38AD8D8B2C19D2DB00EAFA5D /* DSWaveformImageViews */; };
		38CC18B42B9C46CA0023DF18 /* SettingsView.swift in Sources */ = {isa = PBXBuildFile; fileRef = 38CC18B32B9C46CA0023DF18 /* SettingsView.swift */; };
		38CC18B62B9C7B7C0023DF18 /* PopBarView.swift in Sources */ = {isa = PBXBuildFile; fileRef = 38CC18B52B9C7B7C0023DF18 /* PopBarView.swift */; };
		38CC554C2BA9B6E900069553 /* RunCommandAction.swift in Sources */ = {isa = PBXBuildFile; fileRef = 38CC554B2BA9B6E900069553 /* RunCommandAction.swift */; };
		38D1CAC22D9179370091A332 /* TTSManager.swift in Sources */ = {isa = PBXBuildFile; fileRef = 38D1CAC02D9179370091A332 /* TTSManager.swift */; };
		38D1CAC32D9179370091A332 /* ImageGeneration.swift in Sources */ = {isa = PBXBuildFile; fileRef = 38D1CABF2D9179370091A332 /* ImageGeneration.swift */; };
		38D1CAC42D9179370091A332 /* FunctionDefinition.swift in Sources */ = {isa = PBXBuildFile; fileRef = 38D1CABE2D9179370091A332 /* FunctionDefinition.swift */; };
		38DEBE372B9DD80300CD2A35 /* GoogleGenerativeAI in Frameworks */ = {isa = PBXBuildFile; productRef = 38DEBE362B9DD80300CD2A35 /* GoogleGenerativeAI */; };
		38DEBE392B9DDD0500CD2A35 /* AI.swift in Sources */ = {isa = PBXBuildFile; fileRef = 38DEBE382B9DDD0500CD2A35 /* AI.swift */; };
		38DF1D4A2BB7A3BC0063A879 /* Option.swift in Sources */ = {isa = PBXBuildFile; fileRef = 38DF1D492BB7A3BC0063A879 /* Option.swift */; };
		38DF1D4D2BB94DCD0063A879 /* ApplicationSettingView.swift in Sources */ = {isa = PBXBuildFile; fileRef = 38DF1D4C2BB94DCD0063A879 /* ApplicationSettingView.swift */; };
		38DF1D4F2BB964EC0063A879 /* Clipboard.swift in Sources */ = {isa = PBXBuildFile; fileRef = 38DF1D4E2BB964EC0063A879 /* Clipboard.swift */; };
		38DF1D522BC2408A0063A879 /* ClipView.swift in Sources */ = {isa = PBXBuildFile; fileRef = 38DF1D512BC2408A0063A879 /* ClipView.swift */; };
		38DF1D552BC269760063A879 /* MathParser in Frameworks */ = {isa = PBXBuildFile; productRef = 38DF1D542BC269760063A879 /* MathParser */; };
		38DF1D572BC2BC120063A879 /* QuickLookView.swift in Sources */ = {isa = PBXBuildFile; fileRef = 38DF1D562BC2BC120063A879 /* QuickLookView.swift */; };
		38DF1D592BC2BF9F0063A879 /* RTFView.swift in Sources */ = {isa = PBXBuildFile; fileRef = 38DF1D582BC2BF9F0063A879 /* RTFView.swift */; };
		38DF1D5B2BC2BFCA0063A879 /* PDFView.swift in Sources */ = {isa = PBXBuildFile; fileRef = 38DF1D5A2BC2BFCA0063A879 /* PDFView.swift */; };
		38E20A472BB44D5A0035A3AA /* SharingButton.swift in Sources */ = {isa = PBXBuildFile; fileRef = 38E20A462BB44D5A0035A3AA /* SharingButton.swift */; };
		38E20A492BB5A3D80035A3AA /* SpeakAction.swift in Sources */ = {isa = PBXBuildFile; fileRef = 38E20A482BB5A3D80035A3AA /* SpeakAction.swift */; };
		38F5E29C2B98ACB9002FEEFE /* OpenAI in Frameworks */ = {isa = PBXBuildFile; productRef = 38F5E29B2B98ACB9002FEEFE /* OpenAI */; };
		38F5E29F2B9AB332002FEEFE /* MarkdownUI in Frameworks */ = {isa = PBXBuildFile; productRef = 38F5E29E2B9AB332002FEEFE /* MarkdownUI */; };
		38F5E2A22B9AB361002FEEFE /* CodeSyntaxHighlighter.swift in Sources */ = {isa = PBXBuildFile; fileRef = 38F5E2A12B9AB361002FEEFE /* CodeSyntaxHighlighter.swift */; };
		38F93F672D86D4C300D1C208 /* LaTeXSwiftUI in Frameworks */ = {isa = PBXBuildFile; productRef = 38F93F662D86D4C300D1C208 /* LaTeXSwiftUI */; };
		38F93F692D86E45E00D1C208 /* MarkdowLateXView.swift in Sources */ = {isa = PBXBuildFile; fileRef = 38F93F682D86E45E00D1C208 /* MarkdowLateXView.swift */; };
/* End PBXBuildFile section */

/* Begin PBXContainerItemProxy section */
		386AD7262B8F6BFC008C346D /* PBXContainerItemProxy */ = {
			isa = PBXContainerItemProxy;
			containerPortal = 386AD70C2B8F6BFA008C346D /* Project object */;
			proxyType = 1;
			remoteGlobalIDString = 386AD7132B8F6BFA008C346D;
			remoteInfo = Selected;
		};
		386AD7302B8F6BFC008C346D /* PBXContainerItemProxy */ = {
			isa = PBXContainerItemProxy;
			containerPortal = 386AD70C2B8F6BFA008C346D /* Project object */;
			proxyType = 1;
			remoteGlobalIDString = 386AD7132B8F6BFA008C346D;
			remoteInfo = Selected;
		};
/* End PBXContainerItemProxy section */

/* Begin PBXCopyFilesBuildPhase section */
		388DABB82BD6A5BB000B2739 /* CopyFiles */ = {
			isa = PBXCopyFilesBuildPhase;
			buildActionMask = 2147483647;
			dstPath = Fonts;
			dstSubfolderSpec = 7;
			files = (
				388DABB92BD6A5CF000B2739 /* UbuntuMonoNerdFontMono-Regular.ttf in CopyFiles */,
			);
			runOnlyForDeploymentPostprocessing = 0;
		};
/* End PBXCopyFilesBuildPhase section */

/* Begin PBXFileReference section */
		3801CA4C2BA47A09007D7868 /* icon.md */ = {isa = PBXFileReference; lastKnownFileType = net.daringfireball.markdown; path = icon.md; sourceTree = "<group>"; };
		3801CA4D2BA522B6007D7868 /* Actions.swift */ = {isa = PBXFileReference; lastKnownFileType = sourcecode.swift; path = Actions.swift; sourceTree = "<group>"; };
		38049D622B9DF8EA00E02ECA /* FloatingPanel.swift */ = {isa = PBXFileReference; lastKnownFileType = sourcecode.swift; path = FloatingPanel.swift; sourceTree = "<group>"; };
		3817BA812D8B0B8800A1C50F /* SearchView.swift */ = {isa = PBXFileReference; lastKnownFileType = sourcecode.swift; path = SearchView.swift; sourceTree = "<group>"; };
		381843F02BB01A9B0061BB27 /* Localizable.xcstrings */ = {isa = PBXFileReference; lastKnownFileType = text.json.xcstrings; path = Localizable.xcstrings; sourceTree = "<group>"; };
		38230C9E2B9F332D002A52E9 /* PluginInfo.swift */ = {isa = PBXFileReference; lastKnownFileType = sourcecode.swift; path = PluginInfo.swift; sourceTree = "<group>"; };
		38230CA02B9F44FC002A52E9 /* BarButton.swift */ = {isa = PBXFileReference; lastKnownFileType = sourcecode.swift; path = BarButton.swift; sourceTree = "<group>"; };
		38230CA22BA1DBA8002A52E9 /* Utils.swift */ = {isa = PBXFileReference; lastKnownFileType = sourcecode.swift; path = Utils.swift; sourceTree = "<group>"; };
		382C919C2ED4758800F5A45A /* AIStreamEvent.swift */ = {isa = PBXFileReference; lastKnownFileType = sourcecode.swift; path = AIStreamEvent.swift; sourceTree = "<group>"; };
		382C919E2ED475F900F5A45A /* OpenAIProvider.swift */ = {isa = PBXFileReference; lastKnownFileType = sourcecode.swift; path = OpenAIProvider.swift; sourceTree = "<group>"; };
		382C91A02ED4760800F5A45A /* ClaudeProvider.swift */ = {isa = PBXFileReference; lastKnownFileType = sourcecode.swift; path = ClaudeProvider.swift; sourceTree = "<group>"; };
		3831FD342BA5C88300A4262B /* README.md */ = {isa = PBXFileReference; lastKnownFileType = net.daringfireball.markdown; path = README.md; sourceTree = "<group>"; };
		3831FD352BA6DE3D00A4262B /* UserConfigs.swift */ = {isa = PBXFileReference; lastKnownFileType = sourcecode.swift; path = UserConfigs.swift; sourceTree = "<group>"; };
		384A03722BC4173B00916303 /* ClipHistory.xcdatamodel */ = {isa = PBXFileReference; lastKnownFileType = wrapper.xcdatamodel; path = ClipHistory.xcdatamodel; sourceTree = "<group>"; };
		384EEF302C6CDAA300EF6412 /* ChatWindow.swift */ = {isa = PBXFileReference; lastKnownFileType = sourcecode.swift; path = ChatWindow.swift; sourceTree = "<group>"; };
		385EA9E42C5FBDD8009B8F0E /* SpotlightView.swift */ = {isa = PBXFileReference; lastKnownFileType = sourcecode.swift; path = SpotlightView.swift; sourceTree = "<group>"; };
		385EA9E62C5FC0D8009B8F0E /* Spotlight.swift */ = {isa = PBXFileReference; lastKnownFileType = sourcecode.swift; path = Spotlight.swift; sourceTree = "<group>"; };
		385EA9EE2C6256E2009B8F0E /* Updater.swift */ = {isa = PBXFileReference; lastKnownFileType = sourcecode.swift; path = Updater.swift; sourceTree = "<group>"; };
		386010572C2FA00400EB9AE7 /* MessageView.swift */ = {isa = PBXFileReference; lastKnownFileType = sourcecode.swift; path = MessageView.swift; sourceTree = "<group>"; };
		386010592C2FA07600EB9AE7 /* MessageViewModel.swift */ = {isa = PBXFileReference; lastKnownFileType = sourcecode.swift; path = MessageViewModel.swift; sourceTree = "<group>"; };
		3860105B2C2FA0A700EB9AE7 /* PopResultView.swift */ = {isa = PBXFileReference; lastKnownFileType = sourcecode.swift; path = PopResultView.swift; sourceTree = "<group>"; };
		3860105D2C2FA0C900EB9AE7 /* ChatTextView.swift */ = {isa = PBXFileReference; lastKnownFileType = sourcecode.swift; path = ChatTextView.swift; sourceTree = "<group>"; };
		3860105F2C2FA10200EB9AE7 /* TranslationView.swift */ = {isa = PBXFileReference; lastKnownFileType = sourcecode.swift; path = TranslationView.swift; sourceTree = "<group>"; };
		386010622C35926100EB9AE7 /* LocationManager.swift */ = {isa = PBXFileReference; lastKnownFileType = sourcecode.swift; path = LocationManager.swift; sourceTree = "<group>"; };
		386010672C3AE24000EB9AE7 /* Template.swift */ = {isa = PBXFileReference; lastKnownFileType = sourcecode.swift; path = Template.swift; sourceTree = "<group>"; };
		386AD7142B8F6BFA008C346D /* Selected.app */ = {isa = PBXFileReference; explicitFileType = wrapper.application; includeInIndex = 0; path = Selected.app; sourceTree = BUILT_PRODUCTS_DIR; };
		386AD7172B8F6BFA008C346D /* App.swift */ = {isa = PBXFileReference; lastKnownFileType = sourcecode.swift; path = App.swift; sourceTree = "<group>"; };
		386AD71B2B8F6BFB008C346D /* Assets.xcassets */ = {isa = PBXFileReference; lastKnownFileType = folder.assetcatalog; path = Assets.xcassets; sourceTree = "<group>"; };
		386AD71E2B8F6BFB008C346D /* Preview Assets.xcassets */ = {isa = PBXFileReference; lastKnownFileType = folder.assetcatalog; path = "Preview Assets.xcassets"; sourceTree = "<group>"; };
		386AD7202B8F6BFB008C346D /* Selected.entitlements */ = {isa = PBXFileReference; lastKnownFileType = text.plist.entitlements; path = Selected.entitlements; sourceTree = "<group>"; };
		386AD7252B8F6BFC008C346D /* SelectedTests.xctest */ = {isa = PBXFileReference; explicitFileType = wrapper.cfbundle; includeInIndex = 0; path = SelectedTests.xctest; sourceTree = BUILT_PRODUCTS_DIR; };
		386AD7292B8F6BFC008C346D /* SelectedTests.swift */ = {isa = PBXFileReference; lastKnownFileType = sourcecode.swift; path = SelectedTests.swift; sourceTree = "<group>"; };
		386AD72F2B8F6BFC008C346D /* SelectedUITests.xctest */ = {isa = PBXFileReference; explicitFileType = wrapper.cfbundle; includeInIndex = 0; path = SelectedUITests.xctest; sourceTree = BUILT_PRODUCTS_DIR; };
		386AD7332B8F6BFC008C346D /* SelectedUITests.swift */ = {isa = PBXFileReference; lastKnownFileType = sourcecode.swift; path = SelectedUITests.swift; sourceTree = "<group>"; };
		386AD7352B8F6BFC008C346D /* SelectedUITestsLaunchTests.swift */ = {isa = PBXFileReference; lastKnownFileType = sourcecode.swift; path = SelectedUITestsLaunchTests.swift; sourceTree = "<group>"; };
		386AD7462B8F6FCE008C346D /* Defaults.swift */ = {isa = PBXFileReference; lastKnownFileType = sourcecode.swift; path = Defaults.swift; sourceTree = "<group>"; };
		386AD74D2B8F7A16008C346D /* MenuItemView.swift */ = {isa = PBXFileReference; lastKnownFileType = sourcecode.swift; path = MenuItemView.swift; sourceTree = "<group>"; };
		386AD7542B90CF97008C346D /* CommandView.swift */ = {isa = PBXFileReference; lastKnownFileType = sourcecode.swift; path = CommandView.swift; sourceTree = "<group>"; };
		386AD7562B90D867008C346D /* GetText.swift */ = {isa = PBXFileReference; lastKnownFileType = sourcecode.swift; path = GetText.swift; sourceTree = "<group>"; };
		3888D8022BA8615900A7B75D /* IconImage.swift */ = {isa = PBXFileReference; lastKnownFileType = sourcecode.swift; path = IconImage.swift; sourceTree = "<group>"; };
		3888D8042BA86A0F00A7B75D /* PluginListView.swift */ = {isa = PBXFileReference; lastKnownFileType = sourcecode.swift; path = PluginListView.swift; sourceTree = "<group>"; };
		3888D8062BA86AF600A7B75D /* WindowManager.swift */ = {isa = PBXFileReference; lastKnownFileType = sourcecode.swift; path = WindowManager.swift; sourceTree = "<group>"; };
		3888D8082BA884DB00A7B75D /* Info.plist */ = {isa = PBXFileReference; lastKnownFileType = text.plist; path = Info.plist; sourceTree = "<group>"; };
		388DABA72BC42798000B2739 /* Persistence.swift */ = {isa = PBXFileReference; lastKnownFileType = sourcecode.swift; path = Persistence.swift; sourceTree = "<group>"; };
		388DABA92BC6C683000B2739 /* OCR.swift */ = {isa = PBXFileReference; lastKnownFileType = sourcecode.swift; path = OCR.swift; sourceTree = "<group>"; };
		388DABAE2BD147F6000B2739 /* TextView.swift */ = {isa = PBXFileReference; lastKnownFileType = sourcecode.swift; path = TextView.swift; sourceTree = "<group>"; };
		388DABB32BD54A03000B2739 /* ShortcutRecorderView.swift */ = {isa = PBXFileReference; lastKnownFileType = sourcecode.swift; path = ShortcutRecorderView.swift; sourceTree = "<group>"; };
		388DABB62BD6980D000B2739 /* UbuntuMonoNerdFontMono-Regular.ttf */ = {isa = PBXFileReference; lastKnownFileType = file; path = "UbuntuMonoNerdFontMono-Regular.ttf"; sourceTree = "<group>"; };
		388DABBA2BEA5B3C000B2739 /* StarDict.swift */ = {isa = PBXFileReference; lastKnownFileType = sourcecode.swift; path = StarDict.swift; sourceTree = "<group>"; };
		388DABC12BEF9D2D000B2739 /* stardict.tar.gz */ = {isa = PBXFileReference; lastKnownFileType = archive.gzip; path = stardict.tar.gz; sourceTree = "<group>"; };
		38AD8D6E2C0C023600EAFA5D /* GPTAction.swift */ = {isa = PBXFileReference; lastKnownFileType = sourcecode.swift; path = GPTAction.swift; sourceTree = "<group>"; };
		38AD8D862C1725C600EAFA5D /* AudioPlayerView.swift */ = {isa = PBXFileReference; lastKnownFileType = sourcecode.swift; path = AudioPlayerView.swift; sourceTree = "<group>"; };
		38CC18B32B9C46CA0023DF18 /* SettingsView.swift */ = {isa = PBXFileReference; lastKnownFileType = sourcecode.swift; path = SettingsView.swift; sourceTree = "<group>"; };
		38CC18B52B9C7B7C0023DF18 /* PopBarView.swift */ = {isa = PBXFileReference; lastKnownFileType = sourcecode.swift; path = PopBarView.swift; sourceTree = "<group>"; };
		38CC554B2BA9B6E900069553 /* RunCommandAction.swift */ = {isa = PBXFileReference; lastKnownFileType = sourcecode.swift; path = RunCommandAction.swift; sourceTree = "<group>"; };
		38D1CABE2D9179370091A332 /* FunctionDefinition.swift */ = {isa = PBXFileReference; lastKnownFileType = sourcecode.swift; path = FunctionDefinition.swift; sourceTree = "<group>"; };
		38D1CABF2D9179370091A332 /* ImageGeneration.swift */ = {isa = PBXFileReference; lastKnownFileType = sourcecode.swift; path = ImageGeneration.swift; sourceTree = "<group>"; };
		38D1CAC02D9179370091A332 /* TTSManager.swift */ = {isa = PBXFileReference; lastKnownFileType = sourcecode.swift; path = TTSManager.swift; sourceTree = "<group>"; };
		38DEBE382B9DDD0500CD2A35 /* AI.swift */ = {isa = PBXFileReference; lastKnownFileType = sourcecode.swift; path = AI.swift; sourceTree = "<group>"; };
		38DF1D492BB7A3BC0063A879 /* Option.swift */ = {isa = PBXFileReference; lastKnownFileType = sourcecode.swift; path = Option.swift; sourceTree = "<group>"; };
		38DF1D4C2BB94DCD0063A879 /* ApplicationSettingView.swift */ = {isa = PBXFileReference; lastKnownFileType = sourcecode.swift; path = ApplicationSettingView.swift; sourceTree = "<group>"; };
		38DF1D4E2BB964EC0063A879 /* Clipboard.swift */ = {isa = PBXFileReference; lastKnownFileType = sourcecode.swift; path = Clipboard.swift; sourceTree = "<group>"; };
		38DF1D512BC2408A0063A879 /* ClipView.swift */ = {isa = PBXFileReference; lastKnownFileType = sourcecode.swift; path = ClipView.swift; sourceTree = "<group>"; };
		38DF1D562BC2BC120063A879 /* QuickLookView.swift */ = {isa = PBXFileReference; lastKnownFileType = sourcecode.swift; path = QuickLookView.swift; sourceTree = "<group>"; };
		38DF1D582BC2BF9F0063A879 /* RTFView.swift */ = {isa = PBXFileReference; lastKnownFileType = sourcecode.swift; path = RTFView.swift; sourceTree = "<group>"; };
		38DF1D5A2BC2BFCA0063A879 /* PDFView.swift */ = {isa = PBXFileReference; lastKnownFileType = sourcecode.swift; path = PDFView.swift; sourceTree = "<group>"; };
		38E20A462BB44D5A0035A3AA /* SharingButton.swift */ = {isa = PBXFileReference; lastKnownFileType = sourcecode.swift; path = SharingButton.swift; sourceTree = "<group>"; };
		38E20A482BB5A3D80035A3AA /* SpeakAction.swift */ = {isa = PBXFileReference; lastKnownFileType = sourcecode.swift; path = SpeakAction.swift; sourceTree = "<group>"; };
		38F5E2A12B9AB361002FEEFE /* CodeSyntaxHighlighter.swift */ = {isa = PBXFileReference; lastKnownFileType = sourcecode.swift; path = CodeSyntaxHighlighter.swift; sourceTree = "<group>"; };
		38F93F682D86E45E00D1C208 /* MarkdowLateXView.swift */ = {isa = PBXFileReference; fileEncoding = 4; lastKnownFileType = sourcecode.swift; path = MarkdowLateXView.swift; sourceTree = "<group>"; };
/* End PBXFileReference section */

/* Begin PBXFrameworksBuildPhase section */
		386AD7112B8F6BFA008C346D /* Frameworks */ = {
			isa = PBXFrameworksBuildPhase;
			buildActionMask = 2147483647;
			files = (
				385EA9EA2C5FC624009B8F0E /* HotKey in Frameworks */,
				38DF1D552BC269760063A879 /* MathParser in Frameworks */,
				388DABC02BEA5E73000B2739 /* GRDB in Frameworks */,
				38F93F672D86D4C300D1C208 /* LaTeXSwiftUI in Frameworks */,
				38AD8D8A2C19D2DB00EAFA5D /* DSWaveformImage in Frameworks */,
				3860106B2C4222BB00EB9AE7 /* SwiftAnthropic in Frameworks */,
				386010662C3AE22C00EB9AE7 /* Stencil in Frameworks */,
				38AD8D8C2C19D2DB00EAFA5D /* DSWaveformImageViews in Frameworks */,
				386AD7442B8F6E77008C346D /* Defaults in Frameworks */,
				38F5E29C2B98ACB9002FEEFE /* OpenAI in Frameworks */,
				385EA9ED2C6256BA009B8F0E /* Sparkle in Frameworks */,
				38DEBE372B9DD80300CD2A35 /* GoogleGenerativeAI in Frameworks */,
				3831FD332BA532D400A4262B /* Yams in Frameworks */,
				386AD7512B8F7AA5008C346D /* SettingsAccess in Frameworks */,
				388DABAD2BCC0A1A000B2739 /* Highlightr in Frameworks */,
				388DABB22BD549EE000B2739 /* ShortcutRecorder in Frameworks */,
				38F5E29F2B9AB332002FEEFE /* MarkdownUI in Frameworks */,
			);
			runOnlyForDeploymentPostprocessing = 0;
		};
		386AD7222B8F6BFC008C346D /* Frameworks */ = {
			isa = PBXFrameworksBuildPhase;
			buildActionMask = 2147483647;
			files = (
			);
			runOnlyForDeploymentPostprocessing = 0;
		};
		386AD72C2B8F6BFC008C346D /* Frameworks */ = {
			isa = PBXFrameworksBuildPhase;
			buildActionMask = 2147483647;
			files = (
			);
			runOnlyForDeploymentPostprocessing = 0;
		};
/* End PBXFrameworksBuildPhase section */

/* Begin PBXGroup section */
		38049D612B9DF8B100E02ECA /* Base */ = {
			isa = PBXGroup;
			children = (
				38049D622B9DF8EA00E02ECA /* FloatingPanel.swift */,
				38230CA02B9F44FC002A52E9 /* BarButton.swift */,
				3888D8022BA8615900A7B75D /* IconImage.swift */,
				388DABAE2BD147F6000B2739 /* TextView.swift */,
				388DABB32BD54A03000B2739 /* ShortcutRecorderView.swift */,
			);
			path = Base;
			sourceTree = "<group>";
		};
		38230C9D2B9F3307002A52E9 /* Plugin */ = {
			isa = PBXGroup;
			children = (
				38230C9E2B9F332D002A52E9 /* PluginInfo.swift */,
				3801CA4D2BA522B6007D7868 /* Actions.swift */,
				38CC554B2BA9B6E900069553 /* RunCommandAction.swift */,
				38E20A482BB5A3D80035A3AA /* SpeakAction.swift */,
				38DF1D492BB7A3BC0063A879 /* Option.swift */,
				38AD8D6E2C0C023600EAFA5D /* GPTAction.swift */,
			);
			path = Plugin;
			sourceTree = "<group>";
		};
		384EEF2F2C6CDA8E00EF6412 /* Windows */ = {
			isa = PBXGroup;
			children = (
				384EEF302C6CDAA300EF6412 /* ChatWindow.swift */,
			);
			path = Windows;
			sourceTree = "<group>";
		};
		386010562C2F9FEA00EB9AE7 /* ChatView */ = {
			isa = PBXGroup;
			children = (
				38F93F682D86E45E00D1C208 /* MarkdowLateXView.swift */,
				386010572C2FA00400EB9AE7 /* MessageView.swift */,
				386010592C2FA07600EB9AE7 /* MessageViewModel.swift */,
				3860105D2C2FA0C900EB9AE7 /* ChatTextView.swift */,
				3860105F2C2FA10200EB9AE7 /* TranslationView.swift */,
			);
			path = ChatView;
			sourceTree = "<group>";
		};
		386AD70B2B8F6BFA008C346D = {
			isa = PBXGroup;
			children = (
				3831FD342BA5C88300A4262B /* README.md */,
				3801CA4C2BA47A09007D7868 /* icon.md */,
				386AD7162B8F6BFA008C346D /* Selected */,
				386AD7282B8F6BFC008C346D /* SelectedTests */,
				386AD7322B8F6BFC008C346D /* SelectedUITests */,
				386AD7152B8F6BFA008C346D /* Products */,
			);
			sourceTree = "<group>";
		};
		386AD7152B8F6BFA008C346D /* Products */ = {
			isa = PBXGroup;
			children = (
				386AD7142B8F6BFA008C346D /* Selected.app */,
				386AD7252B8F6BFC008C346D /* SelectedTests.xctest */,
				386AD72F2B8F6BFC008C346D /* SelectedUITests.xctest */,
			);
			name = Products;
			sourceTree = "<group>";
		};
		386AD7162B8F6BFA008C346D /* Selected */ = {
			isa = PBXGroup;
			children = (
				384EEF2F2C6CDA8E00EF6412 /* Windows */,
				388DABB52BD697F9000B2739 /* Fonts */,
				3888D8082BA884DB00A7B75D /* Info.plist */,
				38230C9D2B9F3307002A52E9 /* Plugin */,
				38DEBE302B9D67E800CD2A35 /* Service */,
				38F5E2A02B9AB345002FEEFE /* SyntaxHighlighter */,
				386AD74C2B8F79F1008C346D /* View */,
				386AD7452B8F6F9D008C346D /* Configuration */,
				386AD7172B8F6BFA008C346D /* App.swift */,
				386AD71B2B8F6BFB008C346D /* Assets.xcassets */,
				386AD7202B8F6BFB008C346D /* Selected.entitlements */,
				386AD71D2B8F6BFB008C346D /* Preview Content */,
				386AD7562B90D867008C346D /* GetText.swift */,
				3888D8062BA86AF600A7B75D /* WindowManager.swift */,
				381843F02BB01A9B0061BB27 /* Localizable.xcstrings */,
				384A03712BC4173B00916303 /* ClipHistory.xcdatamodeld */,
				388DABC12BEF9D2D000B2739 /* stardict.tar.gz */,
			);
			path = Selected;
			sourceTree = "<group>";
		};
		386AD71D2B8F6BFB008C346D /* Preview Content */ = {
			isa = PBXGroup;
			children = (
				386AD71E2B8F6BFB008C346D /* Preview Assets.xcassets */,
			);
			path = "Preview Content";
			sourceTree = "<group>";
		};
		386AD7282B8F6BFC008C346D /* SelectedTests */ = {
			isa = PBXGroup;
			children = (
				386AD7292B8F6BFC008C346D /* SelectedTests.swift */,
			);
			path = SelectedTests;
			sourceTree = "<group>";
		};
		386AD7322B8F6BFC008C346D /* SelectedUITests */ = {
			isa = PBXGroup;
			children = (
				386AD7332B8F6BFC008C346D /* SelectedUITests.swift */,
				386AD7352B8F6BFC008C346D /* SelectedUITestsLaunchTests.swift */,
			);
			path = SelectedUITests;
			sourceTree = "<group>";
		};
		386AD7452B8F6F9D008C346D /* Configuration */ = {
			isa = PBXGroup;
			children = (
				386AD7462B8F6FCE008C346D /* Defaults.swift */,
				3831FD352BA6DE3D00A4262B /* UserConfigs.swift */,
			);
			path = Configuration;
			sourceTree = "<group>";
		};
		386AD74C2B8F79F1008C346D /* View */ = {
			isa = PBXGroup;
			children = (
				386010562C2F9FEA00EB9AE7 /* ChatView */,
				38DF1D502BC240700063A879 /* ClipView */,
				38DF1D4B2BB94DB40063A879 /* PluginView */,
				386AD74D2B8F7A16008C346D /* MenuItemView.swift */,
				38049D612B9DF8B100E02ECA /* Base */,
				386AD7542B90CF97008C346D /* CommandView.swift */,
				38CC18B32B9C46CA0023DF18 /* SettingsView.swift */,
				38CC18B52B9C7B7C0023DF18 /* PopBarView.swift */,
				3888D8042BA86A0F00A7B75D /* PluginListView.swift */,
				38E20A462BB44D5A0035A3AA /* SharingButton.swift */,
				38AD8D862C1725C600EAFA5D /* AudioPlayerView.swift */,
				3860105B2C2FA0A700EB9AE7 /* PopResultView.swift */,
				385EA9E42C5FBDD8009B8F0E /* SpotlightView.swift */,
			);
			path = View;
			sourceTree = "<group>";
		};
		388DABB52BD697F9000B2739 /* Fonts */ = {
			isa = PBXGroup;
			children = (
				388DABB62BD6980D000B2739 /* UbuntuMonoNerdFontMono-Regular.ttf */,
			);
			path = Fonts;
			sourceTree = "<group>";
		};
		38D1CAC12D9179370091A332 /* AIUtils */ = {
			isa = PBXGroup;
			children = (
				382C91A02ED4760800F5A45A /* ClaudeProvider.swift */,
				382C919E2ED475F900F5A45A /* OpenAIProvider.swift */,
				382C919C2ED4758800F5A45A /* AIStreamEvent.swift */,
				38D1CABE2D9179370091A332 /* FunctionDefinition.swift */,
				38D1CABF2D9179370091A332 /* ImageGeneration.swift */,
				38D1CAC02D9179370091A332 /* TTSManager.swift */,
			);
			path = AIUtils;
			sourceTree = "<group>";
		};
		38DEBE302B9D67E800CD2A35 /* Service */ = {
			isa = PBXGroup;
			children = (
				38D1CAC12D9179370091A332 /* AIUtils */,
				38DEBE382B9DDD0500CD2A35 /* AI.swift */,
				38230CA22BA1DBA8002A52E9 /* Utils.swift */,
				38DF1D4E2BB964EC0063A879 /* Clipboard.swift */,
				388DABA72BC42798000B2739 /* Persistence.swift */,
				388DABA92BC6C683000B2739 /* OCR.swift */,
				388DABBA2BEA5B3C000B2739 /* StarDict.swift */,
				386010622C35926100EB9AE7 /* LocationManager.swift */,
				386010672C3AE24000EB9AE7 /* Template.swift */,
				385EA9E62C5FC0D8009B8F0E /* Spotlight.swift */,
				385EA9EE2C6256E2009B8F0E /* Updater.swift */,
			);
			path = Service;
			sourceTree = "<group>";
		};
		38DF1D4B2BB94DB40063A879 /* PluginView */ = {
			isa = PBXGroup;
			children = (
				38DF1D4C2BB94DCD0063A879 /* ApplicationSettingView.swift */,
			);
			path = PluginView;
			sourceTree = "<group>";
		};
		38DF1D502BC240700063A879 /* ClipView */ = {
			isa = PBXGroup;
			children = (
				3817BA812D8B0B8800A1C50F /* SearchView.swift */,
				38DF1D512BC2408A0063A879 /* ClipView.swift */,
				38DF1D562BC2BC120063A879 /* QuickLookView.swift */,
				38DF1D582BC2BF9F0063A879 /* RTFView.swift */,
				38DF1D5A2BC2BFCA0063A879 /* PDFView.swift */,
			);
			path = ClipView;
			sourceTree = "<group>";
		};
		38F5E2A02B9AB345002FEEFE /* SyntaxHighlighter */ = {
			isa = PBXGroup;
			children = (
				38F5E2A12B9AB361002FEEFE /* CodeSyntaxHighlighter.swift */,
			);
			path = SyntaxHighlighter;
			sourceTree = "<group>";
		};
/* End PBXGroup section */

/* Begin PBXNativeTarget section */
		386AD7132B8F6BFA008C346D /* Selected */ = {
			isa = PBXNativeTarget;
			buildConfigurationList = 386AD7392B8F6BFC008C346D /* Build configuration list for PBXNativeTarget "Selected" */;
			buildPhases = (
				386AD7102B8F6BFA008C346D /* Sources */,
				386AD7112B8F6BFA008C346D /* Frameworks */,
				386AD7122B8F6BFA008C346D /* Resources */,
				388DABB82BD6A5BB000B2739 /* CopyFiles */,
			);
			buildRules = (
			);
			dependencies = (
			);
			name = Selected;
			packageProductDependencies = (
				386AD7432B8F6E77008C346D /* Defaults */,
				386AD7502B8F7AA5008C346D /* SettingsAccess */,
				38F5E29B2B98ACB9002FEEFE /* OpenAI */,
				38F5E29E2B9AB332002FEEFE /* MarkdownUI */,
				38DEBE362B9DD80300CD2A35 /* GoogleGenerativeAI */,
				3831FD322BA532D400A4262B /* Yams */,
				38DF1D542BC269760063A879 /* MathParser */,
				388DABAC2BCC0A1A000B2739 /* Highlightr */,
				388DABB12BD549EE000B2739 /* ShortcutRecorder */,
				388DABBF2BEA5E73000B2739 /* GRDB */,
				38AD8D892C19D2DB00EAFA5D /* DSWaveformImage */,
				38AD8D8B2C19D2DB00EAFA5D /* DSWaveformImageViews */,
				386010652C3AE22C00EB9AE7 /* Stencil */,
				3860106A2C4222BB00EB9AE7 /* SwiftAnthropic */,
				385EA9E92C5FC624009B8F0E /* HotKey */,
				385EA9EC2C6256BA009B8F0E /* Sparkle */,
				38F93F662D86D4C300D1C208 /* LaTeXSwiftUI */,
			);
			productName = Selected;
			productReference = 386AD7142B8F6BFA008C346D /* Selected.app */;
			productType = "com.apple.product-type.application";
		};
		386AD7242B8F6BFC008C346D /* SelectedTests */ = {
			isa = PBXNativeTarget;
			buildConfigurationList = 386AD73C2B8F6BFC008C346D /* Build configuration list for PBXNativeTarget "SelectedTests" */;
			buildPhases = (
				386AD7212B8F6BFC008C346D /* Sources */,
				386AD7222B8F6BFC008C346D /* Frameworks */,
				386AD7232B8F6BFC008C346D /* Resources */,
			);
			buildRules = (
			);
			dependencies = (
				386AD7272B8F6BFC008C346D /* PBXTargetDependency */,
			);
			name = SelectedTests;
			productName = SelectedTests;
			productReference = 386AD7252B8F6BFC008C346D /* SelectedTests.xctest */;
			productType = "com.apple.product-type.bundle.unit-test";
		};
		386AD72E2B8F6BFC008C346D /* SelectedUITests */ = {
			isa = PBXNativeTarget;
			buildConfigurationList = 386AD73F2B8F6BFC008C346D /* Build configuration list for PBXNativeTarget "SelectedUITests" */;
			buildPhases = (
				386AD72B2B8F6BFC008C346D /* Sources */,
				386AD72C2B8F6BFC008C346D /* Frameworks */,
				386AD72D2B8F6BFC008C346D /* Resources */,
			);
			buildRules = (
			);
			dependencies = (
				386AD7312B8F6BFC008C346D /* PBXTargetDependency */,
			);
			name = SelectedUITests;
			productName = SelectedUITests;
			productReference = 386AD72F2B8F6BFC008C346D /* SelectedUITests.xctest */;
			productType = "com.apple.product-type.bundle.ui-testing";
		};
/* End PBXNativeTarget section */

/* Begin PBXProject section */
		386AD70C2B8F6BFA008C346D /* Project object */ = {
			isa = PBXProject;
			attributes = {
				BuildIndependentTargetsInParallel = 1;
				LastSwiftUpdateCheck = 1520;
				LastUpgradeCheck = 1630;
				TargetAttributes = {
					386AD7132B8F6BFA008C346D = {
						CreatedOnToolsVersion = 15.2;
					};
					386AD7242B8F6BFC008C346D = {
						CreatedOnToolsVersion = 15.2;
						TestTargetID = 386AD7132B8F6BFA008C346D;
					};
					386AD72E2B8F6BFC008C346D = {
						CreatedOnToolsVersion = 15.2;
						TestTargetID = 386AD7132B8F6BFA008C346D;
					};
				};
			};
			buildConfigurationList = 386AD70F2B8F6BFA008C346D /* Build configuration list for PBXProject "Selected" */;
			compatibilityVersion = "Xcode 14.0";
			developmentRegion = en;
			hasScannedForEncodings = 0;
			knownRegions = (
				en,
				Base,
				"zh-Hans",
			);
			mainGroup = 386AD70B2B8F6BFA008C346D;
			packageReferences = (
				386AD7422B8F6E77008C346D /* XCRemoteSwiftPackageReference "Defaults" */,
				386AD74F2B8F7AA5008C346D /* XCRemoteSwiftPackageReference "SettingsAccess" */,
				38F5E29A2B98ACB9002FEEFE /* XCRemoteSwiftPackageReference "OpenAI" */,
				38F5E29D2B9AB332002FEEFE /* XCRemoteSwiftPackageReference "swift-markdown-ui" */,
				38DEBE352B9DD80300CD2A35 /* XCRemoteSwiftPackageReference "generative-ai-swift" */,
				3831FD312BA532D400A4262B /* XCRemoteSwiftPackageReference "Yams" */,
				38DF1D532BC269760063A879 /* XCRemoteSwiftPackageReference "DDMathParser" */,
				388DABAB2BCC0A1A000B2739 /* XCRemoteSwiftPackageReference "Highlightr" */,
				388DABB02BD549EE000B2739 /* XCRemoteSwiftPackageReference "ShortcutRecorder" */,
				388DABBE2BEA5E73000B2739 /* XCRemoteSwiftPackageReference "GRDB" */,
				38AD8D882C19D2DB00EAFA5D /* XCRemoteSwiftPackageReference "DSWaveformImage" */,
				386010642C3AE22C00EB9AE7 /* XCRemoteSwiftPackageReference "Stencil" */,
				386010692C4222BB00EB9AE7 /* XCRemoteSwiftPackageReference "SwiftAnthropic" */,
				385EA9E82C5FC58D009B8F0E /* XCRemoteSwiftPackageReference "HotKey" */,
				385EA9EB2C6256BA009B8F0E /* XCRemoteSwiftPackageReference "Sparkle" */,
				386789212C9B0A1A00D7DD62 /* XCRemoteSwiftPackageReference "Defaults" */,
				386789222C9B0A7900D7DD62 /* XCRemoteSwiftPackageReference "SettingsAccess" */,
				38F93F652D86D4C300D1C208 /* XCRemoteSwiftPackageReference "LaTeXSwiftUI" */,
			);
			productRefGroup = 386AD7152B8F6BFA008C346D /* Products */;
			projectDirPath = "";
			projectRoot = "";
			targets = (
				386AD7132B8F6BFA008C346D /* Selected */,
				386AD7242B8F6BFC008C346D /* SelectedTests */,
				386AD72E2B8F6BFC008C346D /* SelectedUITests */,
			);
		};
/* End PBXProject section */

/* Begin PBXResourcesBuildPhase section */
		386AD7122B8F6BFA008C346D /* Resources */ = {
			isa = PBXResourcesBuildPhase;
			buildActionMask = 2147483647;
			files = (
				386AD71F2B8F6BFB008C346D /* Preview Assets.xcassets in Resources */,
				388DABC22BEF9D2D000B2739 /* stardict.tar.gz in Resources */,
				386AD71C2B8F6BFB008C346D /* Assets.xcassets in Resources */,
				381843F12BB01A9B0061BB27 /* Localizable.xcstrings in Resources */,
			);
			runOnlyForDeploymentPostprocessing = 0;
		};
		386AD7232B8F6BFC008C346D /* Resources */ = {
			isa = PBXResourcesBuildPhase;
			buildActionMask = 2147483647;
			files = (
			);
			runOnlyForDeploymentPostprocessing = 0;
		};
		386AD72D2B8F6BFC008C346D /* Resources */ = {
			isa = PBXResourcesBuildPhase;
			buildActionMask = 2147483647;
			files = (
			);
			runOnlyForDeploymentPostprocessing = 0;
		};
/* End PBXResourcesBuildPhase section */

/* Begin PBXSourcesBuildPhase section */
		386AD7102B8F6BFA008C346D /* Sources */ = {
			isa = PBXSourcesBuildPhase;
			buildActionMask = 2147483647;
			files = (
				38AD8D6F2C0C023600EAFA5D /* GPTAction.swift in Sources */,
				38DF1D4D2BB94DCD0063A879 /* ApplicationSettingView.swift in Sources */,
				38E20A492BB5A3D80035A3AA /* SpeakAction.swift in Sources */,
				386010582C2FA00400EB9AE7 /* MessageView.swift in Sources */,
				3860105A2C2FA07600EB9AE7 /* MessageViewModel.swift in Sources */,
				386010682C3AE24000EB9AE7 /* Template.swift in Sources */,
				3888D8032BA8615900A7B75D /* IconImage.swift in Sources */,
				3817BA822D8B0B9600A1C50F /* SearchView.swift in Sources */,
				38049D632B9DF8EA00E02ECA /* FloatingPanel.swift in Sources */,
				386AD74E2B8F7A16008C346D /* MenuItemView.swift in Sources */,
				38230C9F2B9F332D002A52E9 /* PluginInfo.swift in Sources */,
				38F93F692D86E45E00D1C208 /* MarkdowLateXView.swift in Sources */,
				38DF1D4F2BB964EC0063A879 /* Clipboard.swift in Sources */,
				38DF1D5B2BC2BFCA0063A879 /* PDFView.swift in Sources */,
				386010602C2FA10200EB9AE7 /* TranslationView.swift in Sources */,
				38E20A472BB44D5A0035A3AA /* SharingButton.swift in Sources */,
				3860105E2C2FA0C900EB9AE7 /* ChatTextView.swift in Sources */,
				388DABAA2BC6C683000B2739 /* OCR.swift in Sources */,
				385EA9E52C5FBDD8009B8F0E /* SpotlightView.swift in Sources */,
				385EA9E72C5FC0D8009B8F0E /* Spotlight.swift in Sources */,
				3888D8052BA86A0F00A7B75D /* PluginListView.swift in Sources */,
				386010632C35926100EB9AE7 /* LocationManager.swift in Sources */,
				38DF1D572BC2BC120063A879 /* QuickLookView.swift in Sources */,
				386AD7472B8F6FCE008C346D /* Defaults.swift in Sources */,
				38DEBE392B9DDD0500CD2A35 /* AI.swift in Sources */,
				38DF1D592BC2BF9F0063A879 /* RTFView.swift in Sources */,
				388DABBB2BEA5B3C000B2739 /* StarDict.swift in Sources */,
				386AD7552B90CF97008C346D /* CommandView.swift in Sources */,
				384A03732BC4173B00916303 /* ClipHistory.xcdatamodeld in Sources */,
				382C919F2ED475F900F5A45A /* OpenAIProvider.swift in Sources */,
				385EA9EF2C6256E2009B8F0E /* Updater.swift in Sources */,
				38230CA32BA1DBA8002A52E9 /* Utils.swift in Sources */,
				382C91A12ED4760800F5A45A /* ClaudeProvider.swift in Sources */,
				386AD7182B8F6BFA008C346D /* App.swift in Sources */,
				38CC18B42B9C46CA0023DF18 /* SettingsView.swift in Sources */,
				38AD8D872C1725C600EAFA5D /* AudioPlayerView.swift in Sources */,
				38230CA12B9F44FC002A52E9 /* BarButton.swift in Sources */,
				386AD7572B90D867008C346D /* GetText.swift in Sources */,
				388DABA82BC42798000B2739 /* Persistence.swift in Sources */,
				38D1CAC22D9179370091A332 /* TTSManager.swift in Sources */,
				38D1CAC32D9179370091A332 /* ImageGeneration.swift in Sources */,
				38D1CAC42D9179370091A332 /* FunctionDefinition.swift in Sources */,
				38F5E2A22B9AB361002FEEFE /* CodeSyntaxHighlighter.swift in Sources */,
				3888D8072BA86AF600A7B75D /* WindowManager.swift in Sources */,
				3801CA4E2BA522B6007D7868 /* Actions.swift in Sources */,
				3860105C2C2FA0A700EB9AE7 /* PopResultView.swift in Sources */,
				38CC18B62B9C7B7C0023DF18 /* PopBarView.swift in Sources */,
				38DF1D522BC2408A0063A879 /* ClipView.swift in Sources */,
				384EEF312C6CDAA300EF6412 /* ChatWindow.swift in Sources */,
				382C919D2ED4758800F5A45A /* AIStreamEvent.swift in Sources */,
				3831FD362BA6DE3D00A4262B /* UserConfigs.swift in Sources */,
				388DABAF2BD147F6000B2739 /* TextView.swift in Sources */,
				38DF1D4A2BB7A3BC0063A879 /* Option.swift in Sources */,
				388DABB42BD54A03000B2739 /* ShortcutRecorderView.swift in Sources */,
				38CC554C2BA9B6E900069553 /* RunCommandAction.swift in Sources */,
			);
			runOnlyForDeploymentPostprocessing = 0;
		};
		386AD7212B8F6BFC008C346D /* Sources */ = {
			isa = PBXSourcesBuildPhase;
			buildActionMask = 2147483647;
			files = (
				38230CA42BA33596002A52E9 /* SelectedTests.swift in Sources */,
			);
			runOnlyForDeploymentPostprocessing = 0;
		};
		386AD72B2B8F6BFC008C346D /* Sources */ = {
			isa = PBXSourcesBuildPhase;
			buildActionMask = 2147483647;
			files = (
				386AD7362B8F6BFC008C346D /* SelectedUITestsLaunchTests.swift in Sources */,
				386AD7342B8F6BFC008C346D /* SelectedUITests.swift in Sources */,
			);
			runOnlyForDeploymentPostprocessing = 0;
		};
/* End PBXSourcesBuildPhase section */

/* Begin PBXTargetDependency section */
		386AD7272B8F6BFC008C346D /* PBXTargetDependency */ = {
			isa = PBXTargetDependency;
			target = 386AD7132B8F6BFA008C346D /* Selected */;
			targetProxy = 386AD7262B8F6BFC008C346D /* PBXContainerItemProxy */;
		};
		386AD7312B8F6BFC008C346D /* PBXTargetDependency */ = {
			isa = PBXTargetDependency;
			target = 386AD7132B8F6BFA008C346D /* Selected */;
			targetProxy = 386AD7302B8F6BFC008C346D /* PBXContainerItemProxy */;
		};
/* End PBXTargetDependency section */

/* Begin XCBuildConfiguration section */
		386AD7372B8F6BFC008C346D /* Debug */ = {
			isa = XCBuildConfiguration;
			buildSettings = {
				ALWAYS_SEARCH_USER_PATHS = NO;
				ASSETCATALOG_COMPILER_GENERATE_SWIFT_ASSET_SYMBOL_EXTENSIONS = YES;
				CLANG_ANALYZER_LOCALIZABILITY_NONLOCALIZED = YES;
				CLANG_ANALYZER_NONNULL = YES;
				CLANG_ANALYZER_NUMBER_OBJECT_CONVERSION = YES_AGGRESSIVE;
				CLANG_CXX_LANGUAGE_STANDARD = "gnu++20";
				CLANG_ENABLE_MODULES = YES;
				CLANG_ENABLE_OBJC_ARC = YES;
				CLANG_ENABLE_OBJC_WEAK = YES;
				CLANG_WARN_BLOCK_CAPTURE_AUTORELEASING = YES;
				CLANG_WARN_BOOL_CONVERSION = YES;
				CLANG_WARN_COMMA = YES;
				CLANG_WARN_CONSTANT_CONVERSION = YES;
				CLANG_WARN_DEPRECATED_OBJC_IMPLEMENTATIONS = YES;
				CLANG_WARN_DIRECT_OBJC_ISA_USAGE = YES_ERROR;
				CLANG_WARN_DOCUMENTATION_COMMENTS = YES;
				CLANG_WARN_EMPTY_BODY = YES;
				CLANG_WARN_ENUM_CONVERSION = YES;
				CLANG_WARN_INFINITE_RECURSION = YES;
				CLANG_WARN_INT_CONVERSION = YES;
				CLANG_WARN_NON_LITERAL_NULL_CONVERSION = YES;
				CLANG_WARN_OBJC_IMPLICIT_RETAIN_SELF = YES;
				CLANG_WARN_OBJC_LITERAL_CONVERSION = YES;
				CLANG_WARN_OBJC_ROOT_CLASS = YES_ERROR;
				CLANG_WARN_QUOTED_INCLUDE_IN_FRAMEWORK_HEADER = YES;
				CLANG_WARN_RANGE_LOOP_ANALYSIS = YES;
				CLANG_WARN_STRICT_PROTOTYPES = YES;
				CLANG_WARN_SUSPICIOUS_MOVE = YES;
				CLANG_WARN_UNGUARDED_AVAILABILITY = YES_AGGRESSIVE;
				CLANG_WARN_UNREACHABLE_CODE = YES;
				CLANG_WARN__DUPLICATE_METHOD_MATCH = YES;
				COPY_PHASE_STRIP = NO;
				DEAD_CODE_STRIPPING = YES;
				DEBUG_INFORMATION_FORMAT = dwarf;
				DEVELOPMENT_TEAM = K38MUDUK3K;
				ENABLE_STRICT_OBJC_MSGSEND = YES;
				ENABLE_TESTABILITY = YES;
				ENABLE_USER_SCRIPT_SANDBOXING = YES;
				GCC_C_LANGUAGE_STANDARD = gnu17;
				GCC_DYNAMIC_NO_PIC = NO;
				GCC_NO_COMMON_BLOCKS = YES;
				GCC_OPTIMIZATION_LEVEL = 0;
				GCC_PREPROCESSOR_DEFINITIONS = (
					"DEBUG=1",
					"$(inherited)",
				);
				GCC_WARN_64_TO_32_BIT_CONVERSION = YES;
				GCC_WARN_ABOUT_RETURN_TYPE = YES_ERROR;
				GCC_WARN_UNDECLARED_SELECTOR = YES;
				GCC_WARN_UNINITIALIZED_AUTOS = YES_AGGRESSIVE;
				GCC_WARN_UNUSED_FUNCTION = YES;
				GCC_WARN_UNUSED_VARIABLE = YES;
				LOCALIZATION_PREFERS_STRING_CATALOGS = YES;
				MACOSX_DEPLOYMENT_TARGET = 13.0;
				MTL_ENABLE_DEBUG_INFO = INCLUDE_SOURCE;
				MTL_FAST_MATH = YES;
				ONLY_ACTIVE_ARCH = YES;
				SDKROOT = macosx;
				SWIFT_ACTIVE_COMPILATION_CONDITIONS = "DEBUG $(inherited)";
				SWIFT_OPTIMIZATION_LEVEL = "-Onone";
			};
			name = Debug;
		};
		386AD7382B8F6BFC008C346D /* Release */ = {
			isa = XCBuildConfiguration;
			buildSettings = {
				ALWAYS_SEARCH_USER_PATHS = NO;
				ASSETCATALOG_COMPILER_GENERATE_SWIFT_ASSET_SYMBOL_EXTENSIONS = YES;
				CLANG_ANALYZER_LOCALIZABILITY_NONLOCALIZED = YES;
				CLANG_ANALYZER_NONNULL = YES;
				CLANG_ANALYZER_NUMBER_OBJECT_CONVERSION = YES_AGGRESSIVE;
				CLANG_CXX_LANGUAGE_STANDARD = "gnu++20";
				CLANG_ENABLE_MODULES = YES;
				CLANG_ENABLE_OBJC_ARC = YES;
				CLANG_ENABLE_OBJC_WEAK = YES;
				CLANG_WARN_BLOCK_CAPTURE_AUTORELEASING = YES;
				CLANG_WARN_BOOL_CONVERSION = YES;
				CLANG_WARN_COMMA = YES;
				CLANG_WARN_CONSTANT_CONVERSION = YES;
				CLANG_WARN_DEPRECATED_OBJC_IMPLEMENTATIONS = YES;
				CLANG_WARN_DIRECT_OBJC_ISA_USAGE = YES_ERROR;
				CLANG_WARN_DOCUMENTATION_COMMENTS = YES;
				CLANG_WARN_EMPTY_BODY = YES;
				CLANG_WARN_ENUM_CONVERSION = YES;
				CLANG_WARN_INFINITE_RECURSION = YES;
				CLANG_WARN_INT_CONVERSION = YES;
				CLANG_WARN_NON_LITERAL_NULL_CONVERSION = YES;
				CLANG_WARN_OBJC_IMPLICIT_RETAIN_SELF = YES;
				CLANG_WARN_OBJC_LITERAL_CONVERSION = YES;
				CLANG_WARN_OBJC_ROOT_CLASS = YES_ERROR;
				CLANG_WARN_QUOTED_INCLUDE_IN_FRAMEWORK_HEADER = YES;
				CLANG_WARN_RANGE_LOOP_ANALYSIS = YES;
				CLANG_WARN_STRICT_PROTOTYPES = YES;
				CLANG_WARN_SUSPICIOUS_MOVE = YES;
				CLANG_WARN_UNGUARDED_AVAILABILITY = YES_AGGRESSIVE;
				CLANG_WARN_UNREACHABLE_CODE = YES;
				CLANG_WARN__DUPLICATE_METHOD_MATCH = YES;
				COPY_PHASE_STRIP = NO;
				DEAD_CODE_STRIPPING = YES;
				DEBUG_INFORMATION_FORMAT = "dwarf-with-dsym";
				DEVELOPMENT_TEAM = K38MUDUK3K;
				ENABLE_NS_ASSERTIONS = NO;
				ENABLE_STRICT_OBJC_MSGSEND = YES;
				ENABLE_USER_SCRIPT_SANDBOXING = YES;
				GCC_C_LANGUAGE_STANDARD = gnu17;
				GCC_NO_COMMON_BLOCKS = YES;
				GCC_WARN_64_TO_32_BIT_CONVERSION = YES;
				GCC_WARN_ABOUT_RETURN_TYPE = YES_ERROR;
				GCC_WARN_UNDECLARED_SELECTOR = YES;
				GCC_WARN_UNINITIALIZED_AUTOS = YES_AGGRESSIVE;
				GCC_WARN_UNUSED_FUNCTION = YES;
				GCC_WARN_UNUSED_VARIABLE = YES;
				LOCALIZATION_PREFERS_STRING_CATALOGS = YES;
				MACOSX_DEPLOYMENT_TARGET = 13.0;
				MTL_ENABLE_DEBUG_INFO = NO;
				MTL_FAST_MATH = YES;
				SDKROOT = macosx;
				SWIFT_COMPILATION_MODE = wholemodule;
			};
			name = Release;
		};
		386AD73A2B8F6BFC008C346D /* Debug */ = {
			isa = XCBuildConfiguration;
			buildSettings = {
				ASSETCATALOG_COMPILER_APPICON_NAME = AppIcon;
				ASSETCATALOG_COMPILER_GLOBAL_ACCENT_COLOR_NAME = AccentColor;
				CODE_SIGN_ENTITLEMENTS = Selected/Selected.entitlements;
				"CODE_SIGN_IDENTITY[sdk=macosx*]" = "Apple Development";
				CODE_SIGN_STYLE = Automatic;
				COMBINE_HIDPI_IMAGES = YES;
				CURRENT_PROJECT_VERSION = 28;
				DEAD_CODE_STRIPPING = YES;
				DEVELOPMENT_ASSET_PATHS = "Selected/Preview\\ Content";
				ENABLE_HARDENED_RUNTIME = YES;
				ENABLE_PREVIEWS = YES;
				GENERATE_INFOPLIST_FILE = YES;
				INFOPLIST_FILE = Selected/Info.plist;
				INFOPLIST_KEY_LSApplicationCategoryType = "public.app-category.utilities";
				INFOPLIST_KEY_NSAppleEventsUsageDescription = "Get selected text from app";
				INFOPLIST_KEY_NSHumanReadableCopyright = "";
				LD_RUNPATH_SEARCH_PATHS = (
					"$(inherited)",
					"@executable_path/../Frameworks",
				);
				MACOSX_DEPLOYMENT_TARGET = 13.0;
				MARKETING_VERSION = 0.2.5;
				PRODUCT_BUNDLE_IDENTIFIER = io.kitool.Selected.dev;
				PRODUCT_NAME = "$(TARGET_NAME)";
				SWIFT_EMIT_LOC_STRINGS = YES;
				SWIFT_VERSION = 5.0;
			};
			name = Debug;
		};
		386AD73B2B8F6BFC008C346D /* Release */ = {
			isa = XCBuildConfiguration;
			buildSettings = {
				ASSETCATALOG_COMPILER_APPICON_NAME = AppIcon;
				ASSETCATALOG_COMPILER_GLOBAL_ACCENT_COLOR_NAME = AccentColor;
				CODE_SIGN_ENTITLEMENTS = Selected/Selected.entitlements;
				"CODE_SIGN_IDENTITY[sdk=macosx*]" = "Apple Development";
				CODE_SIGN_STYLE = Automatic;
				COMBINE_HIDPI_IMAGES = YES;
				CURRENT_PROJECT_VERSION = 28;
				DEAD_CODE_STRIPPING = YES;
				DEVELOPMENT_ASSET_PATHS = "Selected/Preview\\ Content";
				ENABLE_HARDENED_RUNTIME = YES;
				ENABLE_PREVIEWS = YES;
				GENERATE_INFOPLIST_FILE = YES;
				INFOPLIST_FILE = Selected/Info.plist;
				INFOPLIST_KEY_LSApplicationCategoryType = "public.app-category.utilities";
				INFOPLIST_KEY_NSAppleEventsUsageDescription = "Get selected text from app";
				INFOPLIST_KEY_NSHumanReadableCopyright = "";
				LD_RUNPATH_SEARCH_PATHS = (
					"$(inherited)",
					"@executable_path/../Frameworks",
				);
				MACOSX_DEPLOYMENT_TARGET = 13.0;
				MARKETING_VERSION = 0.2.5;
				PRODUCT_BUNDLE_IDENTIFIER = io.kitool.Selected;
				PRODUCT_NAME = "$(TARGET_NAME)";
				SWIFT_EMIT_LOC_STRINGS = YES;
				SWIFT_VERSION = 5.0;
			};
			name = Release;
		};
		386AD73D2B8F6BFC008C346D /* Debug */ = {
			isa = XCBuildConfiguration;
			buildSettings = {
				BUNDLE_LOADER = "$(TEST_HOST)";
				CODE_SIGN_STYLE = Automatic;
				CURRENT_PROJECT_VERSION = 1;
				DEAD_CODE_STRIPPING = YES;
				GENERATE_INFOPLIST_FILE = YES;
				MACOSX_DEPLOYMENT_TARGET = 13.0;
				MARKETING_VERSION = 1.0;
				PRODUCT_BUNDLE_IDENTIFIER = io.kitool.SelectedTests;
				PRODUCT_NAME = "$(TARGET_NAME)";
				SWIFT_EMIT_LOC_STRINGS = NO;
				SWIFT_VERSION = 5.0;
				TEST_HOST = "$(BUILT_PRODUCTS_DIR)/Selected.app/$(BUNDLE_EXECUTABLE_FOLDER_PATH)/Selected";
			};
			name = Debug;
		};
		386AD73E2B8F6BFC008C346D /* Release */ = {
			isa = XCBuildConfiguration;
			buildSettings = {
				BUNDLE_LOADER = "$(TEST_HOST)";
				CODE_SIGN_STYLE = Automatic;
				CURRENT_PROJECT_VERSION = 1;
				DEAD_CODE_STRIPPING = YES;
				GENERATE_INFOPLIST_FILE = YES;
				MACOSX_DEPLOYMENT_TARGET = 13.0;
				MARKETING_VERSION = 1.0;
				PRODUCT_BUNDLE_IDENTIFIER = io.kitool.SelectedTests;
				PRODUCT_NAME = "$(TARGET_NAME)";
				SWIFT_EMIT_LOC_STRINGS = NO;
				SWIFT_VERSION = 5.0;
				TEST_HOST = "$(BUILT_PRODUCTS_DIR)/Selected.app/$(BUNDLE_EXECUTABLE_FOLDER_PATH)/Selected";
			};
			name = Release;
		};
		386AD7402B8F6BFC008C346D /* Debug */ = {
			isa = XCBuildConfiguration;
			buildSettings = {
				CODE_SIGN_STYLE = Automatic;
				CURRENT_PROJECT_VERSION = 1;
				DEAD_CODE_STRIPPING = YES;
				GENERATE_INFOPLIST_FILE = YES;
				MACOSX_DEPLOYMENT_TARGET = 13.0;
				MARKETING_VERSION = 1.0;
				PRODUCT_BUNDLE_IDENTIFIER = io.kitool.SelectedUITests;
				PRODUCT_NAME = "$(TARGET_NAME)";
				SWIFT_EMIT_LOC_STRINGS = NO;
				SWIFT_VERSION = 5.0;
				TEST_TARGET_NAME = Selected;
			};
			name = Debug;
		};
		386AD7412B8F6BFC008C346D /* Release */ = {
			isa = XCBuildConfiguration;
			buildSettings = {
				CODE_SIGN_STYLE = Automatic;
				CURRENT_PROJECT_VERSION = 1;
				DEAD_CODE_STRIPPING = YES;
				GENERATE_INFOPLIST_FILE = YES;
				MACOSX_DEPLOYMENT_TARGET = 13.0;
				MARKETING_VERSION = 1.0;
				PRODUCT_BUNDLE_IDENTIFIER = io.kitool.SelectedUITests;
				PRODUCT_NAME = "$(TARGET_NAME)";
				SWIFT_EMIT_LOC_STRINGS = NO;
				SWIFT_VERSION = 5.0;
				TEST_TARGET_NAME = Selected;
			};
			name = Release;
		};
/* End XCBuildConfiguration section */

/* Begin XCConfigurationList section */
		386AD70F2B8F6BFA008C346D /* Build configuration list for PBXProject "Selected" */ = {
			isa = XCConfigurationList;
			buildConfigurations = (
				386AD7372B8F6BFC008C346D /* Debug */,
				386AD7382B8F6BFC008C346D /* Release */,
			);
			defaultConfigurationIsVisible = 0;
			defaultConfigurationName = Release;
		};
		386AD7392B8F6BFC008C346D /* Build configuration list for PBXNativeTarget "Selected" */ = {
			isa = XCConfigurationList;
			buildConfigurations = (
				386AD73A2B8F6BFC008C346D /* Debug */,
				386AD73B2B8F6BFC008C346D /* Release */,
			);
			defaultConfigurationIsVisible = 0;
			defaultConfigurationName = Release;
		};
		386AD73C2B8F6BFC008C346D /* Build configuration list for PBXNativeTarget "SelectedTests" */ = {
			isa = XCConfigurationList;
			buildConfigurations = (
				386AD73D2B8F6BFC008C346D /* Debug */,
				386AD73E2B8F6BFC008C346D /* Release */,
			);
			defaultConfigurationIsVisible = 0;
			defaultConfigurationName = Release;
		};
		386AD73F2B8F6BFC008C346D /* Build configuration list for PBXNativeTarget "SelectedUITests" */ = {
			isa = XCConfigurationList;
			buildConfigurations = (
				386AD7402B8F6BFC008C346D /* Debug */,
				386AD7412B8F6BFC008C346D /* Release */,
			);
			defaultConfigurationIsVisible = 0;
			defaultConfigurationName = Release;
		};
/* End XCConfigurationList section */

/* Begin XCRemoteSwiftPackageReference section */
		3831FD312BA532D400A4262B /* XCRemoteSwiftPackageReference "Yams" */ = {
			isa = XCRemoteSwiftPackageReference;
			repositoryURL = "https://github.com/jpsim/Yams.git";
			requirement = {
				kind = upToNextMajorVersion;
				minimumVersion = 5.0.6;
			};
		};
		385EA9E82C5FC58D009B8F0E /* XCRemoteSwiftPackageReference "HotKey" */ = {
			isa = XCRemoteSwiftPackageReference;
			repositoryURL = "https://github.com/soffes/HotKey";
			requirement = {
				branch = main;
				kind = branch;
			};
		};
		385EA9EB2C6256BA009B8F0E /* XCRemoteSwiftPackageReference "Sparkle" */ = {
			isa = XCRemoteSwiftPackageReference;
			repositoryURL = "https://github.com/sparkle-project/Sparkle";
			requirement = {
				kind = upToNextMajorVersion;
				minimumVersion = 2.6.4;
			};
		};
		386010642C3AE22C00EB9AE7 /* XCRemoteSwiftPackageReference "Stencil" */ = {
			isa = XCRemoteSwiftPackageReference;
			repositoryURL = "https://github.com/stencilproject/Stencil.git";
			requirement = {
				kind = upToNextMajorVersion;
				minimumVersion = 0.15.1;
			};
		};
		386010692C4222BB00EB9AE7 /* XCRemoteSwiftPackageReference "SwiftAnthropic" */ = {
			isa = XCRemoteSwiftPackageReference;
			repositoryURL = "https://github.com/jamesrochabrun/SwiftAnthropic";
			requirement = {
				kind = upToNextMajorVersion;
				minimumVersion = 2.1.0;
			};
		};
		386789212C9B0A1A00D7DD62 /* XCRemoteSwiftPackageReference "Defaults" */ = {
			isa = XCRemoteSwiftPackageReference;
			repositoryURL = "https://github.com/sindresorhus/Defaults.git";
			requirement = {
				kind = upToNextMajorVersion;
				minimumVersion = 8.2.0;
			};
		};
		386789222C9B0A7900D7DD62 /* XCRemoteSwiftPackageReference "SettingsAccess" */ = {
			isa = XCRemoteSwiftPackageReference;
			repositoryURL = "https://github.com/orchetect/SettingsAccess";
			requirement = {
				kind = upToNextMajorVersion;
				minimumVersion = 2.0.0;
			};
		};
		386AD7422B8F6E77008C346D /* XCRemoteSwiftPackageReference "Defaults" */ = {
			isa = XCRemoteSwiftPackageReference;
			repositoryURL = "https://github.com/sindresorhus/Defaults.git";
		};
		386AD74F2B8F7AA5008C346D /* XCRemoteSwiftPackageReference "SettingsAccess" */ = {
			isa = XCRemoteSwiftPackageReference;
			repositoryURL = "https://github.com/orchetect/SettingsAccess";
		};
		388DABAB2BCC0A1A000B2739 /* XCRemoteSwiftPackageReference "Highlightr" */ = {
			isa = XCRemoteSwiftPackageReference;
			repositoryURL = "https://github.com/raspu/Highlightr";
			requirement = {
				kind = upToNextMajorVersion;
				minimumVersion = 2.1.2;
			};
		};
		388DABB02BD549EE000B2739 /* XCRemoteSwiftPackageReference "ShortcutRecorder" */ = {
			isa = XCRemoteSwiftPackageReference;
			repositoryURL = "https://github.com/Kentzo/ShortcutRecorder";
			requirement = {
				kind = upToNextMajorVersion;
				minimumVersion = 3.4.0;
			};
		};
		388DABBE2BEA5E73000B2739 /* XCRemoteSwiftPackageReference "GRDB" */ = {
			isa = XCRemoteSwiftPackageReference;
			repositoryURL = "https://github.com/groue/GRDB.swift";
			requirement = {
				kind = upToNextMajorVersion;
				minimumVersion = 6.27.0;
			};
		};
		38AD8D882C19D2DB00EAFA5D /* XCRemoteSwiftPackageReference "DSWaveformImage" */ = {
			isa = XCRemoteSwiftPackageReference;
			repositoryURL = "https://github.com/dmrschmidt/DSWaveformImage";
			requirement = {
				kind = upToNextMajorVersion;
				minimumVersion = 14.2.2;
			};
		};
		38DEBE352B9DD80300CD2A35 /* XCRemoteSwiftPackageReference "generative-ai-swift" */ = {
			isa = XCRemoteSwiftPackageReference;
			repositoryURL = "https://github.com/google/generative-ai-swift";
			requirement = {
				kind = upToNextMajorVersion;
				minimumVersion = 0.4.8;
			};
		};
		38DF1D532BC269760063A879 /* XCRemoteSwiftPackageReference "DDMathParser" */ = {
			isa = XCRemoteSwiftPackageReference;
			repositoryURL = "https://github.com/davedelong/DDMathParser";
			requirement = {
				kind = upToNextMajorVersion;
				minimumVersion = 3.1.0;
			};
		};
		38F5E29A2B98ACB9002FEEFE /* XCRemoteSwiftPackageReference "OpenAI" */ = {
			isa = XCRemoteSwiftPackageReference;
			repositoryURL = "https://github.com/sakeven/OpenAI";
			requirement = {
				kind = branch;
				branch = main;
			};
		};
		38F5E29D2B9AB332002FEEFE /* XCRemoteSwiftPackageReference "swift-markdown-ui" */ = {
			isa = XCRemoteSwiftPackageReference;
			repositoryURL = "https://github.com/gonzalezreal/swift-markdown-ui";
			requirement = {
				kind = upToNextMajorVersion;
				minimumVersion = 2.3.0;
			};
		};
		38F93F652D86D4C300D1C208 /* XCRemoteSwiftPackageReference "LaTeXSwiftUI" */ = {
			isa = XCRemoteSwiftPackageReference;
			repositoryURL = "https://github.com/colinc86/LaTeXSwiftUI";
			requirement = {
				branch = main;
				kind = branch;
			};
		};
/* End XCRemoteSwiftPackageReference section */

/* Begin XCSwiftPackageProductDependency section */
		3831FD322BA532D400A4262B /* Yams */ = {
			isa = XCSwiftPackageProductDependency;
			package = 3831FD312BA532D400A4262B /* XCRemoteSwiftPackageReference "Yams" */;
			productName = Yams;
		};
		385EA9E92C5FC624009B8F0E /* HotKey */ = {
			isa = XCSwiftPackageProductDependency;
			package = 385EA9E82C5FC58D009B8F0E /* XCRemoteSwiftPackageReference "HotKey" */;
			productName = HotKey;
		};
		385EA9EC2C6256BA009B8F0E /* Sparkle */ = {
			isa = XCSwiftPackageProductDependency;
			package = 385EA9EB2C6256BA009B8F0E /* XCRemoteSwiftPackageReference "Sparkle" */;
			productName = Sparkle;
		};
		386010652C3AE22C00EB9AE7 /* Stencil */ = {
			isa = XCSwiftPackageProductDependency;
			package = 386010642C3AE22C00EB9AE7 /* XCRemoteSwiftPackageReference "Stencil" */;
			productName = Stencil;
		};
		3860106A2C4222BB00EB9AE7 /* SwiftAnthropic */ = {
			isa = XCSwiftPackageProductDependency;
			package = 386010692C4222BB00EB9AE7 /* XCRemoteSwiftPackageReference "SwiftAnthropic" */;
			productName = SwiftAnthropic;
		};
		386AD7432B8F6E77008C346D /* Defaults */ = {
			isa = XCSwiftPackageProductDependency;
			package = 386AD7422B8F6E77008C346D /* XCRemoteSwiftPackageReference "Defaults" */;
			productName = Defaults;
		};
		386AD7502B8F7AA5008C346D /* SettingsAccess */ = {
			isa = XCSwiftPackageProductDependency;
			package = 386AD74F2B8F7AA5008C346D /* XCRemoteSwiftPackageReference "SettingsAccess" */;
			productName = SettingsAccess;
		};
		388DABAC2BCC0A1A000B2739 /* Highlightr */ = {
			isa = XCSwiftPackageProductDependency;
			package = 388DABAB2BCC0A1A000B2739 /* XCRemoteSwiftPackageReference "Highlightr" */;
			productName = Highlightr;
		};
		388DABB12BD549EE000B2739 /* ShortcutRecorder */ = {
			isa = XCSwiftPackageProductDependency;
			package = 388DABB02BD549EE000B2739 /* XCRemoteSwiftPackageReference "ShortcutRecorder" */;
			productName = ShortcutRecorder;
		};
		388DABBF2BEA5E73000B2739 /* GRDB */ = {
			isa = XCSwiftPackageProductDependency;
			package = 388DABBE2BEA5E73000B2739 /* XCRemoteSwiftPackageReference "GRDB" */;
			productName = GRDB;
		};
		38AD8D892C19D2DB00EAFA5D /* DSWaveformImage */ = {
			isa = XCSwiftPackageProductDependency;
			package = 38AD8D882C19D2DB00EAFA5D /* XCRemoteSwiftPackageReference "DSWaveformImage" */;
			productName = DSWaveformImage;
		};
		38AD8D8B2C19D2DB00EAFA5D /* DSWaveformImageViews */ = {
			isa = XCSwiftPackageProductDependency;
			package = 38AD8D882C19D2DB00EAFA5D /* XCRemoteSwiftPackageReference "DSWaveformImage" */;
			productName = DSWaveformImageViews;
		};
		38DEBE362B9DD80300CD2A35 /* GoogleGenerativeAI */ = {
			isa = XCSwiftPackageProductDependency;
			package = 38DEBE352B9DD80300CD2A35 /* XCRemoteSwiftPackageReference "generative-ai-swift" */;
			productName = GoogleGenerativeAI;
		};
		38DF1D542BC269760063A879 /* MathParser */ = {
			isa = XCSwiftPackageProductDependency;
			package = 38DF1D532BC269760063A879 /* XCRemoteSwiftPackageReference "DDMathParser" */;
			productName = MathParser;
		};
		38F5E29B2B98ACB9002FEEFE /* OpenAI */ = {
			isa = XCSwiftPackageProductDependency;
			package = 38F5E29A2B98ACB9002FEEFE /* XCRemoteSwiftPackageReference "OpenAI" */;
			productName = OpenAI;
		};
		38F5E29E2B9AB332002FEEFE /* MarkdownUI */ = {
			isa = XCSwiftPackageProductDependency;
			package = 38F5E29D2B9AB332002FEEFE /* XCRemoteSwiftPackageReference "swift-markdown-ui" */;
			productName = MarkdownUI;
		};
		38F93F662D86D4C300D1C208 /* LaTeXSwiftUI */ = {
			isa = XCSwiftPackageProductDependency;
			package = 38F93F652D86D4C300D1C208 /* XCRemoteSwiftPackageReference "LaTeXSwiftUI" */;
			productName = LaTeXSwiftUI;
		};
/* End XCSwiftPackageProductDependency section */

/* Begin XCVersionGroup section */
		384A03712BC4173B00916303 /* ClipHistory.xcdatamodeld */ = {
			isa = XCVersionGroup;
			children = (
				384A03722BC4173B00916303 /* ClipHistory.xcdatamodel */,
			);
			currentVersion = 384A03722BC4173B00916303 /* ClipHistory.xcdatamodel */;
			path = ClipHistory.xcdatamodeld;
			sourceTree = "<group>";
			versionGroupType = wrapper.xcdatamodel;
		};
/* End XCVersionGroup section */
	};
	rootObject = 386AD70C2B8F6BFA008C346D /* Project object */;
}
