// !$*UTF8*$!
{
	archiveVersion = 1;
	classes = {
	};
	objectVersion = 73;
	objects = {

/* Begin PBXBuildFile section */
		3831FD332BA532D400A4262B /* Yams in Frameworks */ = {isa = PBXBuildFile; productRef = 3831FD322BA532D400A4262B /* Yams */; };
		385EA9EA2C5FC624009B8F0E /* HotKey in Frameworks */ = {isa = PBXBuildFile; productRef = 385EA9E92C5FC624009B8F0E /* HotKey */; };
		385EA9ED2C6256BA009B8F0E /* Sparkle in Frameworks */ = {isa = PBXBuildFile; productRef = 385EA9EC2C6256BA009B8F0E /* Sparkle */; };
		386010662C3AE22C00EB9AE7 /* Stencil in Frameworks */ = {isa = PBXBuildFile; productRef = 386010652C3AE22C00EB9AE7 /* Stencil */; };
		3860106B2C4222BB00EB9AE7 /* SwiftAnthropic in Frameworks */ = {isa = PBXBuildFile; productRef = 3860106A2C4222BB00EB9AE7 /* SwiftAnthropic */; };
		386AD7442B8F6E77008C346D /* Defaults in Frameworks */ = {isa = PBXBuildFile; productRef = 386AD7432B8F6E77008C346D /* Defaults */; };
		386AD7512B8F7AA5008C346D /* SettingsAccess in Frameworks */ = {isa = PBXBuildFile; productRef = 386AD7502B8F7AA5008C346D /* SettingsAccess */; };
		388DABB22BD549EE000B2739 /* ShortcutRecorder in Frameworks */ = {isa = PBXBuildFile; productRef = 388DABB12BD549EE000B2739 /* ShortcutRecorder */; };
		388DABC02BEA5E73000B2739 /* GRDB in Frameworks */ = {isa = PBXBuildFile; productRef = 388DABBF2BEA5E73000B2739 /* GRDB */; };
		38AD8D8A2C19D2DB00EAFA5D /* DSWaveformImage in Frameworks */ = {isa = PBXBuildFile; productRef = 38AD8D892C19D2DB00EAFA5D /* DSWaveformImage */; };
		38AD8D8C2C19D2DB00EAFA5D /* DSWaveformImageViews in Frameworks */ = {isa = PBXBuildFile; productRef = 38AD8D8B2C19D2DB00EAFA5D /* DSWaveformImageViews */; };
		38D132562F0D463B000F899A /* Textual in Frameworks */ = {isa = PBXBuildFile; productRef = 38D132552F0D463B000F899A /* Textual */; };
		38DF1D552BC269760063A879 /* MathParser in Frameworks */ = {isa = PBXBuildFile; productRef = 38DF1D542BC269760063A879 /* MathParser */; };
		38F5E29C2B98ACB9002FEEFE /* OpenAI in Frameworks */ = {isa = PBXBuildFile; productRef = 38F5E29B2B98ACB9002FEEFE /* OpenAI */; };
		38F5E29F2B9AB332002FEEFE /* MarkdownUI in Frameworks */ = {isa = PBXBuildFile; productRef = 38F5E29E2B9AB332002FEEFE /* MarkdownUI */; };
/* End PBXBuildFile section */

/* Begin PBXContainerItemProxy section */
		386AD7302B8F6BFC008C346D /* PBXContainerItemProxy */ = {
			isa = PBXContainerItemProxy;
			containerPortal = 386AD70C2B8F6BFA008C346D /* Project object */;
			proxyType = 1;
			remoteGlobalIDString = 386AD7132B8F6BFA008C346D;
			remoteInfo = Selected;
		};
		38D132492F07BC7F000F899A /* PBXContainerItemProxy */ = {
			isa = PBXContainerItemProxy;
			containerPortal = 386AD70C2B8F6BFA008C346D /* Project object */;
			proxyType = 1;
			remoteGlobalIDString = 386AD7132B8F6BFA008C346D;
			remoteInfo = Selected;
		};
/* End PBXContainerItemProxy section */

/* Begin PBXCopyFilesBuildPhase section */
		388DABB82BD6A5BB000B2739 /* CopyFiles */ = {
			isa = PBXCopyFilesBuildPhase;
			buildActionMask = 2147483647;
			dstPath = Fonts;
			dstSubfolderSpec = 7;
			files = (
			);
			runOnlyForDeploymentPostprocessing = 0;
		};
/* End PBXCopyFilesBuildPhase section */

/* Begin PBXFileReference section */
		3801CA4C2BA47A09007D7868 /* icon.md */ = {isa = PBXFileReference; lastKnownFileType = net.daringfireball.markdown; path = icon.md; sourceTree = "<group>"; };
		3831FD342BA5C88300A4262B /* README.md */ = {isa = PBXFileReference; lastKnownFileType = net.daringfireball.markdown; path = README.md; sourceTree = "<group>"; };
		386AD7142B8F6BFA008C346D /* Selected.app */ = {isa = PBXFileReference; explicitFileType = wrapper.application; includeInIndex = 0; path = Selected.app; sourceTree = BUILT_PRODUCTS_DIR; };
		386AD72F2B8F6BFC008C346D /* SelectedUITests.xctest */ = {isa = PBXFileReference; explicitFileType = wrapper.cfbundle; includeInIndex = 0; path = SelectedUITests.xctest; sourceTree = BUILT_PRODUCTS_DIR; };
		38D132452F07BC7F000F899A /* Tests.xctest */ = {isa = PBXFileReference; explicitFileType = wrapper.cfbundle; includeInIndex = 0; path = Tests.xctest; sourceTree = BUILT_PRODUCTS_DIR; };
/* End PBXFileReference section */

/* Begin PBXFileSystemSynchronizedBuildFileExceptionSet section */
		F525A1F7792D42549D7D0001 /* PBXFileSystemSynchronizedBuildFileExceptionSet */ = {
			isa = PBXFileSystemSynchronizedBuildFileExceptionSet;
			membershipExceptions = (
				"Fonts/UbuntuMonoNerdFontMono-Regular.ttf",
				Info.plist,
			);
			target = 386AD7132B8F6BFA008C346D /* Selected */;
		};
/* End PBXFileSystemSynchronizedBuildFileExceptionSet section */

/* Begin PBXFileSystemSynchronizedGroupBuildPhaseMembershipExceptionSet section */
		F525A1F7792D42549D7D0002 /* PBXFileSystemSynchronizedGroupBuildPhaseMembershipExceptionSet */ = {
			isa = PBXFileSystemSynchronizedGroupBuildPhaseMembershipExceptionSet;
			buildPhase = 388DABB82BD6A5BB000B2739 /* CopyFiles */;
			membershipExceptions = (
				"Fonts/UbuntuMonoNerdFontMono-Regular.ttf",
			);
		};
/* End PBXFileSystemSynchronizedGroupBuildPhaseMembershipExceptionSet section */

/* Begin PBXFileSystemSynchronizedRootGroup section */
		386AD7162B8F6BFA008C346D /* Selected */ = {isa = PBXFileSystemSynchronizedRootGroup; exceptions = (F525A1F7792D42549D7D0001 /* PBXFileSystemSynchronizedBuildFileExceptionSet */, F525A1F7792D42549D7D0002 /* PBXFileSystemSynchronizedGroupBuildPhaseMembershipExceptionSet */, ); explicitFileTypes = {}; explicitFolders = (); path = Selected; sourceTree = "<group>"; };
		386AD7322B8F6BFC008C346D /* SelectedUITests */ = {isa = PBXFileSystemSynchronizedRootGroup; explicitFileTypes = {}; explicitFolders = (); path = SelectedUITests; sourceTree = "<group>"; };
		38D132462F07BC7F000F899A /* Tests */ = {isa = PBXFileSystemSynchronizedRootGroup; explicitFileTypes = {}; explicitFolders = (); path = Tests; sourceTree = "<group>"; };
/* End PBXFileSystemSynchronizedRootGroup section */

/* Begin PBXFrameworksBuildPhase section */
		386AD7112B8F6BFA008C346D /* Frameworks */ = {
			isa = PBXFrameworksBuildPhase;
			buildActionMask = 2147483647;
			files = (
				385EA9EA2C5FC624009B8F0E /* HotKey in Frameworks */,
				38DF1D552BC269760063A879 /* MathParser in Frameworks */,
				388DABC02BEA5E73000B2739 /* GRDB in Frameworks */,
				38AD8D8A2C19D2DB00EAFA5D /* DSWaveformImage in Frameworks */,
				3860106B2C4222BB00EB9AE7 /* SwiftAnthropic in Frameworks */,
				386010662C3AE22C00EB9AE7 /* Stencil in Frameworks */,
				38AD8D8C2C19D2DB00EAFA5D /* DSWaveformImageViews in Frameworks */,
				386AD7442B8F6E77008C346D /* Defaults in Frameworks */,
				38F5E29C2B98ACB9002FEEFE /* OpenAI in Frameworks */,
				385EA9ED2C6256BA009B8F0E /* Sparkle in Frameworks */,
				38D132562F0D463B000F899A /* Textual in Frameworks */,
				3831FD332BA532D400A4262B /* Yams in Frameworks */,
				386AD7512B8F7AA5008C346D /* SettingsAccess in Frameworks */,
				388DABB22BD549EE000B2739 /* ShortcutRecorder in Frameworks */,
				38F5E29F2B9AB332002FEEFE /* MarkdownUI in Frameworks */,
			);
			runOnlyForDeploymentPostprocessing = 0;
		};
		386AD72C2B8F6BFC008C346D /* Frameworks */ = {
			isa = PBXFrameworksBuildPhase;
			buildActionMask = 2147483647;
			files = (
			);
			runOnlyForDeploymentPostprocessing = 0;
		};
		38D132422F07BC7F000F899A /* Frameworks */ = {
			isa = PBXFrameworksBuildPhase;
			buildActionMask = 2147483647;
			files = (
			);
			runOnlyForDeploymentPostprocessing = 0;
		};
/* End PBXFrameworksBuildPhase section */

/* Begin PBXGroup section */
		386AD70B2B8F6BFA008C346D = {
			isa = PBXGroup;
			children = (
				3831FD342BA5C88300A4262B /* README.md */,
				3801CA4C2BA47A09007D7868 /* icon.md */,
				386AD7162B8F6BFA008C346D /* Selected */,
				386AD7322B8F6BFC008C346D /* SelectedUITests */,
				38D132462F07BC7F000F899A /* Tests */,
				386AD7152B8F6BFA008C346D /* Products */,
			);
			sourceTree = "<group>";
		};
		386AD7152B8F6BFA008C346D /* Products */ = {
			isa = PBXGroup;
			children = (
				386AD7142B8F6BFA008C346D /* Selected.app */,
				386AD72F2B8F6BFC008C346D /* SelectedUITests.xctest */,
				38D132452F07BC7F000F899A /* Tests.xctest */,
			);
			name = Products;
			sourceTree = "<group>";
		};
/* End PBXGroup section */

/* Begin PBXNativeTarget section */
		386AD7132B8F6BFA008C346D /* Selected */ = {
			isa = PBXNativeTarget;
			buildConfigurationList = 386AD7392B8F6BFC008C346D /* Build configuration list for PBXNativeTarget "Selected" */;
			buildPhases = (
				386AD7102B8F6BFA008C346D /* Sources */,
				386AD7112B8F6BFA008C346D /* Frameworks */,
				386AD7122B8F6BFA008C346D /* Resources */,
				388DABB82BD6A5BB000B2739 /* CopyFiles */,
			);
			buildRules = (
			);
			dependencies = (
			);
			fileSystemSynchronizedGroups = (
				386AD7162B8F6BFA008C346D /* Selected */,
			);
			name = Selected;
			packageProductDependencies = (
				386AD7432B8F6E77008C346D /* Defaults */,
				386AD7502B8F7AA5008C346D /* SettingsAccess */,
				38F5E29B2B98ACB9002FEEFE /* OpenAI */,
				38F5E29E2B9AB332002FEEFE /* MarkdownUI */,
				3831FD322BA532D400A4262B /* Yams */,
				38DF1D542BC269760063A879 /* MathParser */,
				388DABB12BD549EE000B2739 /* ShortcutRecorder */,
				388DABBF2BEA5E73000B2739 /* GRDB */,
				38AD8D892C19D2DB00EAFA5D /* DSWaveformImage */,
				38AD8D8B2C19D2DB00EAFA5D /* DSWaveformImageViews */,
				386010652C3AE22C00EB9AE7 /* Stencil */,
				3860106A2C4222BB00EB9AE7 /* SwiftAnthropic */,
				385EA9E92C5FC624009B8F0E /* HotKey */,
				385EA9EC2C6256BA009B8F0E /* Sparkle */,
				38D132552F0D463B000F899A /* Textual */,
			);
			productName = Selected;
			productReference = 386AD7142B8F6BFA008C346D /* Selected.app */;
			productType = "com.apple.product-type.application";
		};
		386AD72E2B8F6BFC008C346D /* SelectedUITests */ = {
			isa = PBXNativeTarget;
			buildConfigurationList = 386AD73F2B8F6BFC008C346D /* Build configuration list for PBXNativeTarget "SelectedUITests" */;
			buildPhases = (
				386AD72B2B8F6BFC008C346D /* Sources */,
				386AD72C2B8F6BFC008C346D /* Frameworks */,
				386AD72D2B8F6BFC008C346D /* Resources */,
			);
			buildRules = (
			);
			dependencies = (
				386AD7312B8F6BFC008C346D /* PBXTargetDependency */,
			);
			fileSystemSynchronizedGroups = (
				386AD7322B8F6BFC008C346D /* SelectedUITests */,
			);
			name = SelectedUITests;
			productName = SelectedUITests;
			productReference = 386AD72F2B8F6BFC008C346D /* SelectedUITests.xctest */;
			productType = "com.apple.product-type.bundle.ui-testing";
		};
		38D132442F07BC7F000F899A /* Tests */ = {
			isa = PBXNativeTarget;
			buildConfigurationList = 38D1324B2F07BC7F000F899A /* Build configuration list for PBXNativeTarget "Tests" */;
			buildPhases = (
				38D132412F07BC7F000F899A /* Sources */,
				38D132422F07BC7F000F899A /* Frameworks */,
				38D132432F07BC7F000F899A /* Resources */,
			);
			buildRules = (
			);
			dependencies = (
				38D1324A2F07BC7F000F899A /* PBXTargetDependency */,
			);
			fileSystemSynchronizedGroups = (
				38D132462F07BC7F000F899A /* Tests */,
			);
			name = Tests;
			packageProductDependencies = (
			);
			productName = Tests;
			productReference = 38D132452F07BC7F000F899A /* Tests.xctest */;
			productType = "com.apple.product-type.bundle.unit-test";
		};
/* End PBXNativeTarget section */

/* Begin PBXProject section */
		386AD70C2B8F6BFA008C346D /* Project object */ = {
			isa = PBXProject;
			attributes = {
				BuildIndependentTargetsInParallel = 1;
				LastSwiftUpdateCheck = 2610;
				LastUpgradeCheck = 1630;
				TargetAttributes = {
					386AD7132B8F6BFA008C346D = {
						CreatedOnToolsVersion = 15.2;
					};
					386AD72E2B8F6BFC008C346D = {
						CreatedOnToolsVersion = 15.2;
						TestTargetID = 386AD7132B8F6BFA008C346D;
					};
					38D132442F07BC7F000F899A = {
						CreatedOnToolsVersion = 26.1.1;
						TestTargetID = 386AD7132B8F6BFA008C346D;
					};
				};
			};
			buildConfigurationList = 386AD70F2B8F6BFA008C346D /* Build configuration list for PBXProject "Selected" */;
			developmentRegion = en;
			hasScannedForEncodings = 0;
			knownRegions = (
				en,
				Base,
				"zh-Hans",
			);
			mainGroup = 386AD70B2B8F6BFA008C346D;
			packageReferences = (
				386AD7422B8F6E77008C346D /* XCRemoteSwiftPackageReference "Defaults" */,
				386AD74F2B8F7AA5008C346D /* XCRemoteSwiftPackageReference "SettingsAccess" */,
				38F5E29A2B98ACB9002FEEFE /* XCRemoteSwiftPackageReference "OpenAI" */,
				38F5E29D2B9AB332002FEEFE /* XCRemoteSwiftPackageReference "swift-markdown-ui" */,
				3831FD312BA532D400A4262B /* XCRemoteSwiftPackageReference "Yams" */,
				38DF1D532BC269760063A879 /* XCRemoteSwiftPackageReference "DDMathParser" */,
				388DABB02BD549EE000B2739 /* XCRemoteSwiftPackageReference "ShortcutRecorder" */,
				388DABBE2BEA5E73000B2739 /* XCRemoteSwiftPackageReference "GRDB" */,
				38AD8D882C19D2DB00EAFA5D /* XCRemoteSwiftPackageReference "DSWaveformImage" */,
				386010642C3AE22C00EB9AE7 /* XCRemoteSwiftPackageReference "Stencil" */,
				386010692C4222BB00EB9AE7 /* XCRemoteSwiftPackageReference "SwiftAnthropic" */,
				385EA9E82C5FC58D009B8F0E /* XCRemoteSwiftPackageReference "HotKey" */,
				385EA9EB2C6256BA009B8F0E /* XCRemoteSwiftPackageReference "Sparkle" */,
				38D132542F0D463B000F899A /* XCRemoteSwiftPackageReference "textual" */,
			);
			preferredProjectObjectVersion = 56;
			productRefGroup = 386AD7152B8F6BFA008C346D /* Products */;
			projectDirPath = "";
			projectRoot = "";
			targets = (
				386AD7132B8F6BFA008C346D /* Selected */,
				386AD72E2B8F6BFC008C346D /* SelectedUITests */,
				38D132442F07BC7F000F899A /* Tests */,
			);
		};
/* End PBXProject section */

/* Begin PBXResourcesBuildPhase section */
		386AD7122B8F6BFA008C346D /* Resources */ = {
			isa = PBXResourcesBuildPhase;
			buildActionMask = 2147483647;
			files = (
			);
			runOnlyForDeploymentPostprocessing = 0;
		};
		386AD72D2B8F6BFC008C346D /* Resources */ = {
			isa = PBXResourcesBuildPhase;
			buildActionMask = 2147483647;
			files = (
			);
			runOnlyForDeploymentPostprocessing = 0;
		};
		38D132432F07BC7F000F899A /* Resources */ = {
			isa = PBXResourcesBuildPhase;
			buildActionMask = 2147483647;
			files = (
			);
			runOnlyForDeploymentPostprocessing = 0;
		};
/* End PBXResourcesBuildPhase section */

/* Begin PBXSourcesBuildPhase section */
		386AD7102B8F6BFA008C346D /* Sources */ = {
			isa = PBXSourcesBuildPhase;
			buildActionMask = 2147483647;
			files = (
			);
			runOnlyForDeploymentPostprocessing = 0;
		};
		386AD72B2B8F6BFC008C346D /* Sources */ = {
			isa = PBXSourcesBuildPhase;
			buildActionMask = 2147483647;
			files = (
			);
			runOnlyForDeploymentPostprocessing = 0;
		};
		38D132412F07BC7F000F899A /* Sources */ = {
			isa = PBXSourcesBuildPhase;
			buildActionMask = 2147483647;
			files = (
			);
			runOnlyForDeploymentPostprocessing = 0;
		};
/* End PBXSourcesBuildPhase section */

/* Begin PBXTargetDependency section */
		386AD7312B8F6BFC008C346D /* PBXTargetDependency */ = {
			isa = PBXTargetDependency;
			target = 386AD7132B8F6BFA008C346D /* Selected */;
			targetProxy = 386AD7302B8F6BFC008C346D /* PBXContainerItemProxy */;
		};
		38D1324A2F07BC7F000F899A /* PBXTargetDependency */ = {
			isa = PBXTargetDependency;
			target = 386AD7132B8F6BFA008C346D /* Selected */;
			targetProxy = 38D132492F07BC7F000F899A /* PBXContainerItemProxy */;
		};
/* End PBXTargetDependency section */

/* Begin XCBuildConfiguration section */
		386AD7372B8F6BFC008C346D /* Debug */ = {
			isa = XCBuildConfiguration;
			buildSettings = {
				ALWAYS_SEARCH_USER_PATHS = NO;
				ASSETCATALOG_COMPILER_GENERATE_SWIFT_ASSET_SYMBOL_EXTENSIONS = YES;
				CLANG_ANALYZER_LOCALIZABILITY_NONLOCALIZED = YES;
				CLANG_ANALYZER_NONNULL = YES;
				CLANG_ANALYZER_NUMBER_OBJECT_CONVERSION = YES_AGGRESSIVE;
				CLANG_CXX_LANGUAGE_STANDARD = "gnu++20";
				CLANG_ENABLE_MODULES = YES;
				CLANG_ENABLE_OBJC_ARC = YES;
				CLANG_ENABLE_OBJC_WEAK = YES;
				CLANG_WARN_BLOCK_CAPTURE_AUTORELEASING = YES;
				CLANG_WARN_BOOL_CONVERSION = YES;
				CLANG_WARN_COMMA = YES;
				CLANG_WARN_CONSTANT_CONVERSION = YES;
				CLANG_WARN_DEPRECATED_OBJC_IMPLEMENTATIONS = YES;
				CLANG_WARN_DIRECT_OBJC_ISA_USAGE = YES_ERROR;
				CLANG_WARN_DOCUMENTATION_COMMENTS = YES;
				CLANG_WARN_EMPTY_BODY = YES;
				CLANG_WARN_ENUM_CONVERSION = YES;
				CLANG_WARN_INFINITE_RECURSION = YES;
				CLANG_WARN_INT_CONVERSION = YES;
				CLANG_WARN_NON_LITERAL_NULL_CONVERSION = YES;
				CLANG_WARN_OBJC_IMPLICIT_RETAIN_SELF = YES;
				CLANG_WARN_OBJC_LITERAL_CONVERSION = YES;
				CLANG_WARN_OBJC_ROOT_CLASS = YES_ERROR;
				CLANG_WARN_QUOTED_INCLUDE_IN_FRAMEWORK_HEADER = YES;
				CLANG_WARN_RANGE_LOOP_ANALYSIS = YES;
				CLANG_WARN_STRICT_PROTOTYPES = YES;
				CLANG_WARN_SUSPICIOUS_MOVE = YES;
				CLANG_WARN_UNGUARDED_AVAILABILITY = YES_AGGRESSIVE;
				CLANG_WARN_UNREACHABLE_CODE = YES;
				CLANG_WARN__DUPLICATE_METHOD_MATCH = YES;
				COPY_PHASE_STRIP = NO;
				DEAD_CODE_STRIPPING = YES;
				DEBUG_INFORMATION_FORMAT = dwarf;
				DEVELOPMENT_TEAM = K38MUDUK3K;
				ENABLE_STRICT_OBJC_MSGSEND = YES;
				ENABLE_TESTABILITY = YES;
				ENABLE_USER_SCRIPT_SANDBOXING = YES;
				GCC_C_LANGUAGE_STANDARD = gnu17;
				GCC_DYNAMIC_NO_PIC = NO;
				GCC_NO_COMMON_BLOCKS = YES;
				GCC_OPTIMIZATION_LEVEL = 0;
				GCC_PREPROCESSOR_DEFINITIONS = (
					"DEBUG=1",
					"$(inherited)",
				);
				GCC_WARN_64_TO_32_BIT_CONVERSION = YES;
				GCC_WARN_ABOUT_RETURN_TYPE = YES_ERROR;
				GCC_WARN_UNDECLARED_SELECTOR = YES;
				GCC_WARN_UNINITIALIZED_AUTOS = YES_AGGRESSIVE;
				GCC_WARN_UNUSED_FUNCTION = YES;
				GCC_WARN_UNUSED_VARIABLE = YES;
				LOCALIZATION_PREFERS_STRING_CATALOGS = YES;
				MACOSX_DEPLOYMENT_TARGET = 13.0;
				MTL_ENABLE_DEBUG_INFO = INCLUDE_SOURCE;
				MTL_FAST_MATH = YES;
				ONLY_ACTIVE_ARCH = YES;
				SDKROOT = macosx;
				SWIFT_ACTIVE_COMPILATION_CONDITIONS = "DEBUG $(inherited)";
				SWIFT_OPTIMIZATION_LEVEL = "-Onone";
			};
			name = Debug;
		};
		386AD7382B8F6BFC008C346D /* Release */ = {
			isa = XCBuildConfiguration;
			buildSettings = {
				ALWAYS_SEARCH_USER_PATHS = NO;
				ASSETCATALOG_COMPILER_GENERATE_SWIFT_ASSET_SYMBOL_EXTENSIONS = YES;
				CLANG_ANALYZER_LOCALIZABILITY_NONLOCALIZED = YES;
				CLANG_ANALYZER_NONNULL = YES;
				CLANG_ANALYZER_NUMBER_OBJECT_CONVERSION = YES_AGGRESSIVE;
				CLANG_CXX_LANGUAGE_STANDARD = "gnu++20";
				CLANG_ENABLE_MODULES = YES;
				CLANG_ENABLE_OBJC_ARC = YES;
				CLANG_ENABLE_OBJC_WEAK = YES;
				CLANG_WARN_BLOCK_CAPTURE_AUTORELEASING = YES;
				CLANG_WARN_BOOL_CONVERSION = YES;
				CLANG_WARN_COMMA = YES;
				CLANG_WARN_CONSTANT_CONVERSION = YES;
				CLANG_WARN_DEPRECATED_OBJC_IMPLEMENTATIONS = YES;
				CLANG_WARN_DIRECT_OBJC_ISA_USAGE = YES_ERROR;
				CLANG_WARN_DOCUMENTATION_COMMENTS = YES;
				CLANG_WARN_EMPTY_BODY = YES;
				CLANG_WARN_ENUM_CONVERSION = YES;
				CLANG_WARN_INFINITE_RECURSION = YES;
				CLANG_WARN_INT_CONVERSION = YES;
				CLANG_WARN_NON_LITERAL_NULL_CONVERSION = YES;
				CLANG_WARN_OBJC_IMPLICIT_RETAIN_SELF = YES;
				CLANG_WARN_OBJC_LITERAL_CONVERSION = YES;
				CLANG_WARN_OBJC_ROOT_CLASS = YES_ERROR;
				CLANG_WARN_QUOTED_INCLUDE_IN_FRAMEWORK_HEADER = YES;
				CLANG_WARN_RANGE_LOOP_ANALYSIS = YES;
				CLANG_WARN_STRICT_PROTOTYPES = YES;
				CLANG_WARN_SUSPICIOUS_MOVE = YES;
				CLANG_WARN_UNGUARDED_AVAILABILITY = YES_AGGRESSIVE;
				CLANG_WARN_UNREACHABLE_CODE = YES;
				CLANG_WARN__DUPLICATE_METHOD_MATCH = YES;
				COPY_PHASE_STRIP = NO;
				DEAD_CODE_STRIPPING = YES;
				DEBUG_INFORMATION_FORMAT = "dwarf-with-dsym";
				DEVELOPMENT_TEAM = K38MUDUK3K;
				ENABLE_NS_ASSERTIONS = NO;
				ENABLE_STRICT_OBJC_MSGSEND = YES;
				ENABLE_USER_SCRIPT_SANDBOXING = YES;
				GCC_C_LANGUAGE_STANDARD = gnu17;
				GCC_NO_COMMON_BLOCKS = YES;
				GCC_WARN_64_TO_32_BIT_CONVERSION = YES;
				GCC_WARN_ABOUT_RETURN_TYPE = YES_ERROR;
				GCC_WARN_UNDECLARED_SELECTOR = YES;
				GCC_WARN_UNINITIALIZED_AUTOS = YES_AGGRESSIVE;
				GCC_WARN_UNUSED_FUNCTION = YES;
				GCC_WARN_UNUSED_VARIABLE = YES;
				LOCALIZATION_PREFERS_STRING_CATALOGS = YES;
				MACOSX_DEPLOYMENT_TARGET = 13.0;
				MTL_ENABLE_DEBUG_INFO = NO;
				MTL_FAST_MATH = YES;
				SDKROOT = macosx;
				SWIFT_COMPILATION_MODE = wholemodule;
			};
			name = Release;
		};
		386AD73A2B8F6BFC008C346D /* Debug */ = {
			isa = XCBuildConfiguration;
			buildSettings = {
				ASSETCATALOG_COMPILER_APPICON_NAME = AppIcon;
				ASSETCATALOG_COMPILER_GLOBAL_ACCENT_COLOR_NAME = AccentColor;
				CODE_SIGN_ENTITLEMENTS = Selected/Selected.entitlements;
				"CODE_SIGN_IDENTITY[sdk=macosx*]" = "Apple Development";
				CODE_SIGN_STYLE = Automatic;
				COMBINE_HIDPI_IMAGES = YES;
				CURRENT_PROJECT_VERSION = 30;
				DEAD_CODE_STRIPPING = YES;
				DEVELOPMENT_ASSET_PATHS = "Selected/Preview\\ Content";
				ENABLE_HARDENED_RUNTIME = YES;
				ENABLE_PREVIEWS = YES;
				GENERATE_INFOPLIST_FILE = YES;
				INFOPLIST_FILE = Selected/Info.plist;
				INFOPLIST_KEY_LSApplicationCategoryType = "public.app-category.utilities";
				INFOPLIST_KEY_NSAppleEventsUsageDescription = "Get selected text from app";
				INFOPLIST_KEY_NSHumanReadableCopyright = "";
				LD_RUNPATH_SEARCH_PATHS = (
					"$(inherited)",
					"@executable_path/../Frameworks",
				);
				MACOSX_DEPLOYMENT_TARGET = 15.0;
				MARKETING_VERSION = 0.2.7;
				PRODUCT_BUNDLE_IDENTIFIER = io.kitool.Selected.dev;
				PRODUCT_NAME = "$(TARGET_NAME)";
				SWIFT_EMIT_LOC_STRINGS = YES;
				SWIFT_VERSION = 5.0;
			};
			name = Debug;
		};
		386AD73B2B8F6BFC008C346D /* Release */ = {
			isa = XCBuildConfiguration;
			buildSettings = {
				ASSETCATALOG_COMPILER_APPICON_NAME = AppIcon;
				ASSETCATALOG_COMPILER_GLOBAL_ACCENT_COLOR_NAME = AccentColor;
				CODE_SIGN_ENTITLEMENTS = Selected/Selected.entitlements;
				"CODE_SIGN_IDENTITY[sdk=macosx*]" = "Apple Development";
				CODE_SIGN_STYLE = Automatic;
				COMBINE_HIDPI_IMAGES = YES;
				CURRENT_PROJECT_VERSION = 30;
				DEAD_CODE_STRIPPING = YES;
				DEVELOPMENT_ASSET_PATHS = "Selected/Preview\\ Content";
				ENABLE_HARDENED_RUNTIME = YES;
				ENABLE_PREVIEWS = YES;
				GENERATE_INFOPLIST_FILE = YES;
				INFOPLIST_FILE = Selected/Info.plist;
				INFOPLIST_KEY_LSApplicationCategoryType = "public.app-category.utilities";
				INFOPLIST_KEY_NSAppleEventsUsageDescription = "Get selected text from app";
				INFOPLIST_KEY_NSHumanReadableCopyright = "";
				LD_RUNPATH_SEARCH_PATHS = (
					"$(inherited)",
					"@executable_path/../Frameworks",
				);
				MACOSX_DEPLOYMENT_TARGET = 15.0;
				MARKETING_VERSION = 0.2.7;
				PRODUCT_BUNDLE_IDENTIFIER = io.kitool.Selected;
				PRODUCT_NAME = "$(TARGET_NAME)";
				SWIFT_EMIT_LOC_STRINGS = YES;
				SWIFT_VERSION = 5.0;
			};
			name = Release;
		};
		386AD7402B8F6BFC008C346D /* Debug */ = {
			isa = XCBuildConfiguration;
			buildSettings = {
				CODE_SIGN_STYLE = Automatic;
				CURRENT_PROJECT_VERSION = 1;
				DEAD_CODE_STRIPPING = YES;
				GENERATE_INFOPLIST_FILE = YES;
				MACOSX_DEPLOYMENT_TARGET = 13.0;
				MARKETING_VERSION = 1.0;
				PRODUCT_BUNDLE_IDENTIFIER = io.kitool.SelectedUITests;
				PRODUCT_NAME = "$(TARGET_NAME)";
				SWIFT_EMIT_LOC_STRINGS = NO;
				SWIFT_VERSION = 5.0;
				TEST_TARGET_NAME = Selected;
			};
			name = Debug;
		};
		386AD7412B8F6BFC008C346D /* Release */ = {
			isa = XCBuildConfiguration;
			buildSettings = {
				CODE_SIGN_STYLE = Automatic;
				CURRENT_PROJECT_VERSION = 1;
				DEAD_CODE_STRIPPING = YES;
				GENERATE_INFOPLIST_FILE = YES;
				MACOSX_DEPLOYMENT_TARGET = 13.0;
				MARKETING_VERSION = 1.0;
				PRODUCT_BUNDLE_IDENTIFIER = io.kitool.SelectedUITests;
				PRODUCT_NAME = "$(TARGET_NAME)";
				SWIFT_EMIT_LOC_STRINGS = NO;
				SWIFT_VERSION = 5.0;
				TEST_TARGET_NAME = Selected;
			};
			name = Release;
		};
		38D1324C2F07BC7F000F899A /* Debug */ = {
			isa = XCBuildConfiguration;
			buildSettings = {
				BUNDLE_LOADER = "$(TEST_HOST)";
				CODE_SIGN_STYLE = Automatic;
				CURRENT_PROJECT_VERSION = 1;
				DEVELOPMENT_TEAM = K38MUDUK3K;
				GENERATE_INFOPLIST_FILE = YES;
				MACOSX_DEPLOYMENT_TARGET = 15.7;
				MARKETING_VERSION = 1.0;
				PRODUCT_BUNDLE_IDENTIFIER = io.kitool.Tests;
				PRODUCT_NAME = "$(TARGET_NAME)";
				STRING_CATALOG_GENERATE_SYMBOLS = NO;
				SWIFT_APPROACHABLE_CONCURRENCY = YES;
				SWIFT_EMIT_LOC_STRINGS = NO;
				SWIFT_UPCOMING_FEATURE_MEMBER_IMPORT_VISIBILITY = YES;
				SWIFT_VERSION = 5.0;
				TEST_HOST = "$(BUILT_PRODUCTS_DIR)/Selected.app/$(BUNDLE_EXECUTABLE_FOLDER_PATH)/Selected";
			};
			name = Debug;
		};
		38D1324D2F07BC7F000F899A /* Release */ = {
			isa = XCBuildConfiguration;
			buildSettings = {
				BUNDLE_LOADER = "$(TEST_HOST)";
				CODE_SIGN_STYLE = Automatic;
				CURRENT_PROJECT_VERSION = 1;
				DEVELOPMENT_TEAM = K38MUDUK3K;
				GENERATE_INFOPLIST_FILE = YES;
				MACOSX_DEPLOYMENT_TARGET = 15.7;
				MARKETING_VERSION = 1.0;
				PRODUCT_BUNDLE_IDENTIFIER = io.kitool.Tests;
				PRODUCT_NAME = "$(TARGET_NAME)";
				STRING_CATALOG_GENERATE_SYMBOLS = NO;
				SWIFT_APPROACHABLE_CONCURRENCY = YES;
				SWIFT_EMIT_LOC_STRINGS = NO;
				SWIFT_UPCOMING_FEATURE_MEMBER_IMPORT_VISIBILITY = YES;
				SWIFT_VERSION = 5.0;
				TEST_HOST = "$(BUILT_PRODUCTS_DIR)/Selected.app/$(BUNDLE_EXECUTABLE_FOLDER_PATH)/Selected";
			};
			name = Release;
		};
/* End XCBuildConfiguration section */

/* Begin XCConfigurationList section */
		386AD70F2B8F6BFA008C346D /* Build configuration list for PBXProject "Selected" */ = {
			isa = XCConfigurationList;
			buildConfigurations = (
				386AD7372B8F6BFC008C346D /* Debug */,
				386AD7382B8F6BFC008C346D /* Release */,
			);
			defaultConfigurationIsVisible = 0;
			defaultConfigurationName = Release;
		};
		386AD7392B8F6BFC008C346D /* Build configuration list for PBXNativeTarget "Selected" */ = {
			isa = XCConfigurationList;
			buildConfigurations = (
				386AD73A2B8F6BFC008C346D /* Debug */,
				386AD73B2B8F6BFC008C346D /* Release */,
			);
			defaultConfigurationIsVisible = 0;
			defaultConfigurationName = Release;
		};
		386AD73F2B8F6BFC008C346D /* Build configuration list for PBXNativeTarget "SelectedUITests" */ = {
			isa = XCConfigurationList;
			buildConfigurations = (
				386AD7402B8F6BFC008C346D /* Debug */,
				386AD7412B8F6BFC008C346D /* Release */,
			);
			defaultConfigurationIsVisible = 0;
			defaultConfigurationName = Release;
		};
		38D1324B2F07BC7F000F899A /* Build configuration list for PBXNativeTarget "Tests" */ = {
			isa = XCConfigurationList;
			buildConfigurations = (
				38D1324C2F07BC7F000F899A /* Debug */,
				38D1324D2F07BC7F000F899A /* Release */,
			);
			defaultConfigurationIsVisible = 0;
			defaultConfigurationName = Release;
		};
/* End XCConfigurationList section */

/* Begin XCRemoteSwiftPackageReference section */
		3831FD312BA532D400A4262B /* XCRemoteSwiftPackageReference "Yams" */ = {
			isa = XCRemoteSwiftPackageReference;
			repositoryURL = "https://github.com/jpsim/Yams.git";
			requirement = {
				kind = upToNextMajorVersion;
				minimumVersion = 5.0.6;
			};
		};
		385EA9E82C5FC58D009B8F0E /* XCRemoteSwiftPackageReference "HotKey" */ = {
			isa = XCRemoteSwiftPackageReference;
			repositoryURL = "https://github.com/soffes/HotKey";
			requirement = {
				branch = main;
				kind = branch;
			};
		};
		385EA9EB2C6256BA009B8F0E /* XCRemoteSwiftPackageReference "Sparkle" */ = {
			isa = XCRemoteSwiftPackageReference;
			repositoryURL = "https://github.com/sparkle-project/Sparkle";
			requirement = {
				kind = upToNextMajorVersion;
				minimumVersion = 2.6.4;
			};
		};
		386010642C3AE22C00EB9AE7 /* XCRemoteSwiftPackageReference "Stencil" */ = {
			isa = XCRemoteSwiftPackageReference;
			repositoryURL = "https://github.com/stencilproject/Stencil.git";
			requirement = {
				kind = upToNextMajorVersion;
				minimumVersion = 0.15.1;
			};
		};
		386010692C4222BB00EB9AE7 /* XCRemoteSwiftPackageReference "SwiftAnthropic" */ = {
			isa = XCRemoteSwiftPackageReference;
			repositoryURL = "https://github.com/jamesrochabrun/SwiftAnthropic";
			requirement = {
				kind = upToNextMajorVersion;
				minimumVersion = 2.1.0;
			};
		};
		386AD7422B8F6E77008C346D /* XCRemoteSwiftPackageReference "Defaults" */ = {
			isa = XCRemoteSwiftPackageReference;
			repositoryURL = "https://github.com/sindresorhus/Defaults.git";
			requirement = {
				kind = upToNextMajorVersion;
				minimumVersion = 8.2.0;
			};
		};
		386AD74F2B8F7AA5008C346D /* XCRemoteSwiftPackageReference "SettingsAccess" */ = {
			isa = XCRemoteSwiftPackageReference;
			repositoryURL = "https://github.com/orchetect/SettingsAccess";
			requirement = {
				kind = upToNextMajorVersion;
				minimumVersion = 2.0.0;
			};
		};
		388DABB02BD549EE000B2739 /* XCRemoteSwiftPackageReference "ShortcutRecorder" */ = {
			isa = XCRemoteSwiftPackageReference;
			repositoryURL = "https://github.com/Kentzo/ShortcutRecorder";
			requirement = {
				kind = upToNextMajorVersion;
				minimumVersion = 3.4.0;
			};
		};
		388DABBE2BEA5E73000B2739 /* XCRemoteSwiftPackageReference "GRDB" */ = {
			isa = XCRemoteSwiftPackageReference;
			repositoryURL = "https://github.com/groue/GRDB.swift";
			requirement = {
				kind = upToNextMajorVersion;
				minimumVersion = 6.27.0;
			};
		};
		38AD8D882C19D2DB00EAFA5D /* XCRemoteSwiftPackageReference "DSWaveformImage" */ = {
			isa = XCRemoteSwiftPackageReference;
			repositoryURL = "https://github.com/dmrschmidt/DSWaveformImage";
			requirement = {
				kind = upToNextMajorVersion;
				minimumVersion = 14.2.2;
			};
		};
		38D132542F0D463B000F899A /* XCRemoteSwiftPackageReference "textual" */ = {
			isa = XCRemoteSwiftPackageReference;
			repositoryURL = "https://github.com/gonzalezreal/textual";
			requirement = {
				kind = upToNextMinorVersion;
				minimumVersion = 0.5.0;
			};
		};
		38DF1D532BC269760063A879 /* XCRemoteSwiftPackageReference "DDMathParser" */ = {
			isa = XCRemoteSwiftPackageReference;
			repositoryURL = "https://github.com/davedelong/DDMathParser";
			requirement = {
				kind = upToNextMajorVersion;
				minimumVersion = 3.1.0;
			};
		};
		38F5E29A2B98ACB9002FEEFE /* XCRemoteSwiftPackageReference "OpenAI" */ = {
			isa = XCRemoteSwiftPackageReference;
			repositoryURL = "https://github.com/sakeven/OpenAI";
			requirement = {
				branch = main;
				kind = branch;
			};
		};
		38F5E29D2B9AB332002FEEFE /* XCRemoteSwiftPackageReference "swift-markdown-ui" */ = {
			isa = XCRemoteSwiftPackageReference;
			repositoryURL = "https://github.com/gonzalezreal/swift-markdown-ui";
			requirement = {
				kind = upToNextMajorVersion;
				minimumVersion = 2.3.0;
			};
		};
/* End XCRemoteSwiftPackageReference section */

/* Begin XCSwiftPackageProductDependency section */
		3831FD322BA532D400A4262B /* Yams */ = {
			isa = XCSwiftPackageProductDependency;
			package = 3831FD312BA532D400A4262B /* XCRemoteSwiftPackageReference "Yams" */;
			productName = Yams;
		};
		385EA9E92C5FC624009B8F0E /* HotKey */ = {
			isa = XCSwiftPackageProductDependency;
			package = 385EA9E82C5FC58D009B8F0E /* XCRemoteSwiftPackageReference "HotKey" */;
			productName = HotKey;
		};
		385EA9EC2C6256BA009B8F0E /* Sparkle */ = {
			isa = XCSwiftPackageProductDependency;
			package = 385EA9EB2C6256BA009B8F0E /* XCRemoteSwiftPackageReference "Sparkle" */;
			productName = Sparkle;
		};
		386010652C3AE22C00EB9AE7 /* Stencil */ = {
			isa = XCSwiftPackageProductDependency;
			package = 386010642C3AE22C00EB9AE7 /* XCRemoteSwiftPackageReference "Stencil" */;
			productName = Stencil;
		};
		3860106A2C4222BB00EB9AE7 /* SwiftAnthropic */ = {
			isa = XCSwiftPackageProductDependency;
			package = 386010692C4222BB00EB9AE7 /* XCRemoteSwiftPackageReference "SwiftAnthropic" */;
			productName = SwiftAnthropic;
		};
		386AD7432B8F6E77008C346D /* Defaults */ = {
			isa = XCSwiftPackageProductDependency;
			package = 386AD7422B8F6E77008C346D /* XCRemoteSwiftPackageReference "Defaults" */;
			productName = Defaults;
		};
		386AD7502B8F7AA5008C346D /* SettingsAccess */ = {
			isa = XCSwiftPackageProductDependency;
			package = 386AD74F2B8F7AA5008C346D /* XCRemoteSwiftPackageReference "SettingsAccess" */;
			productName = SettingsAccess;
		};
		388DABB12BD549EE000B2739 /* ShortcutRecorder */ = {
			isa = XCSwiftPackageProductDependency;
			package = 388DABB02BD549EE000B2739 /* XCRemoteSwiftPackageReference "ShortcutRecorder" */;
			productName = ShortcutRecorder;
		};
		388DABBF2BEA5E73000B2739 /* GRDB */ = {
			isa = XCSwiftPackageProductDependency;
			package = 388DABBE2BEA5E73000B2739 /* XCRemoteSwiftPackageReference "GRDB" */;
			productName = GRDB;
		};
		38AD8D892C19D2DB00EAFA5D /* DSWaveformImage */ = {
			isa = XCSwiftPackageProductDependency;
			package = 38AD8D882C19D2DB00EAFA5D /* XCRemoteSwiftPackageReference "DSWaveformImage" */;
			productName = DSWaveformImage;
		};
		38AD8D8B2C19D2DB00EAFA5D /* DSWaveformImageViews */ = {
			isa = XCSwiftPackageProductDependency;
			package = 38AD8D882C19D2DB00EAFA5D /* XCRemoteSwiftPackageReference "DSWaveformImage" */;
			productName = DSWaveformImageViews;
		};
		38D132552F0D463B000F899A /* Textual */ = {
			isa = XCSwiftPackageProductDependency;
			package = 38D132542F0D463B000F899A /* XCRemoteSwiftPackageReference "textual" */;
			productName = Textual;
		};
		38DF1D542BC269760063A879 /* MathParser */ = {
			isa = XCSwiftPackageProductDependency;
			package = 38DF1D532BC269760063A879 /* XCRemoteSwiftPackageReference "DDMathParser" */;
			productName = MathParser;
		};
		38F5E29B2B98ACB9002FEEFE /* OpenAI */ = {
			isa = XCSwiftPackageProductDependency;
			package = 38F5E29A2B98ACB9002FEEFE /* XCRemoteSwiftPackageReference "OpenAI" */;
			productName = OpenAI;
		};
		38F5E29E2B9AB332002FEEFE /* MarkdownUI */ = {
			isa = XCSwiftPackageProductDependency;
			package = 38F5E29D2B9AB332002FEEFE /* XCRemoteSwiftPackageReference "swift-markdown-ui" */;
			productName = MarkdownUI;
		};
/* End XCSwiftPackageProductDependency section */
	};
	rootObject = 386AD70C2B8F6BFA008C346D /* Project object */;
}
